// !$*UTF8*$!
{
	archiveVersion = 1;
	classes = {
	};
	objectVersion = 46;
	objects = {

/* Begin PBXBuildFile section */
		1A4DD4F31EBEC8BA001F97BD /* AppDelegate.swift in Sources */ = {isa = PBXBuildFile; fileRef = 1A4DD4F21EBEC8BA001F97BD /* AppDelegate.swift */; };
		1A4DD4FA1EBEC8BA001F97BD /* Assets.xcassets in Resources */ = {isa = PBXBuildFile; fileRef = 1A4DD4F91EBEC8BA001F97BD /* Assets.xcassets */; };
		1A4DD4FD1EBEC8BA001F97BD /* LaunchScreen.storyboard in Resources */ = {isa = PBXBuildFile; fileRef = 1A4DD4FB1EBEC8BA001F97BD /* LaunchScreen.storyboard */; };
		1A550B462088CCFF00F2E073 /* LSMainViewController.swift in Sources */ = {isa = PBXBuildFile; fileRef = 1A550B452088CCFF00F2E073 /* LSMainViewController.swift */; };
		1A550B482088CD1E00F2E073 /* LSBaseViewController.swift in Sources */ = {isa = PBXBuildFile; fileRef = 1A550B472088CD1E00F2E073 /* LSBaseViewController.swift */; };
		1A550B4A2088CD9900F2E073 /* LSDiscoverViewController.swift in Sources */ = {isa = PBXBuildFile; fileRef = 1A550B492088CD9900F2E073 /* LSDiscoverViewController.swift */; };
		1A550B4E2088CDBF00F2E073 /* LSProfileViewController.swift in Sources */ = {isa = PBXBuildFile; fileRef = 1A550B4D2088CDBF00F2E073 /* LSProfileViewController.swift */; };
		1A550B502088CDC600F2E073 /* LSHomeViewController.swift in Sources */ = {isa = PBXBuildFile; fileRef = 1A550B4F2088CDC600F2E073 /* LSHomeViewController.swift */; };
		1A550B53208AA16F00F2E073 /* LSNavigationViewController.swift in Sources */ = {isa = PBXBuildFile; fileRef = 1A550B52208AA16F00F2E073 /* LSNavigationViewController.swift */; };
		1A550B93208AF82700F2E073 /* Bunde+Extention.swift in Sources */ = {isa = PBXBuildFile; fileRef = 1A550B92208AF82700F2E073 /* Bunde+Extention.swift */; };
		1A550E05208B6E0600F2E073 /* UIColor+CZAddition.m in Sources */ = {isa = PBXBuildFile; fileRef = 1A550DE4208B6E0600F2E073 /* UIColor+CZAddition.m */; };
		1A550E06208B6E0600F2E073 /* UIView+CZAddition.m in Sources */ = {isa = PBXBuildFile; fileRef = 1A550DE5208B6E0600F2E073 /* UIView+CZAddition.m */; };
		1A550E07208B6E0600F2E073 /* UIScreen+CZAddition.m in Sources */ = {isa = PBXBuildFile; fileRef = 1A550DE9208B6E0600F2E073 /* UIScreen+CZAddition.m */; };
		1A550E08208B6E0600F2E073 /* UILabel+CZAddition.m in Sources */ = {isa = PBXBuildFile; fileRef = 1A550DEB208B6E0600F2E073 /* UILabel+CZAddition.m */; };
		1A550E09208B6E0600F2E073 /* UIImage+Extension.m in Sources */ = {isa = PBXBuildFile; fileRef = 1A550DEE208B6E0600F2E073 /* UIImage+Extension.m */; };
		1A550E0A208B6E0600F2E073 /* NSString+CZBase64.m in Sources */ = {isa = PBXBuildFile; fileRef = 1A550DEF208B6E0600F2E073 /* NSString+CZBase64.m */; };
		1A550E0B208B6E0600F2E073 /* NSString+CZPath.m in Sources */ = {isa = PBXBuildFile; fileRef = 1A550DF0208B6E0600F2E073 /* NSString+CZPath.m */; };
		1A550E0C208B6E0600F2E073 /* UIView+JKFrame.m in Sources */ = {isa = PBXBuildFile; fileRef = 1A550DF3208B6E0600F2E073 /* UIView+JKFrame.m */; };
		1A550E0D208B6E0600F2E073 /* UIButton+CZAddition.m in Sources */ = {isa = PBXBuildFile; fileRef = 1A550DF4208B6E0600F2E073 /* UIButton+CZAddition.m */; };
		1A550E0E208B6E0600F2E073 /* NSObject+CZAddition.m in Sources */ = {isa = PBXBuildFile; fileRef = 1A550DF5208B6E0600F2E073 /* NSObject+CZAddition.m */; };
		1A550E0F208B6E0600F2E073 /* NSObject+CZRuntime.m in Sources */ = {isa = PBXBuildFile; fileRef = 1A550DF8208B6E0600F2E073 /* NSObject+CZRuntime.m */; };
		1A550E10208B6E0600F2E073 /* UIViewController+CZAddition.m in Sources */ = {isa = PBXBuildFile; fileRef = 1A550DFB208B6E0600F2E073 /* UIViewController+CZAddition.m */; };
		1A550E11208B6E0600F2E073 /* NSString+CZHash.m in Sources */ = {isa = PBXBuildFile; fileRef = 1A550DFC208B6E0600F2E073 /* NSString+CZHash.m */; };
		1A550E12208B6E0600F2E073 /* NSArray+CZAddition.m in Sources */ = {isa = PBXBuildFile; fileRef = 1A550DFF208B6E0600F2E073 /* NSArray+CZAddition.m */; };
		1A550E13208B6E0600F2E073 /* NSAttributedString+CZAdditon.m in Sources */ = {isa = PBXBuildFile; fileRef = 1A550E02208B6E0600F2E073 /* NSAttributedString+CZAdditon.m */; };
		1A550E14208B6E0600F2E073 /* NSArray+Log.m in Sources */ = {isa = PBXBuildFile; fileRef = 1A550E03208B6E0600F2E073 /* NSArray+Log.m */; };
		1A550E17208B735100F2E073 /* LSMessageViewController.swift in Sources */ = {isa = PBXBuildFile; fileRef = 1A550E16208B735100F2E073 /* LSMessageViewController.swift */; };
		1A60B5BB208CBA4C007A0563 /* LSDemoViewController.swift in Sources */ = {isa = PBXBuildFile; fileRef = 1A60B5BA208CBA4C007A0563 /* LSDemoViewController.swift */; };
		1A60B5BD2090BD14007A0563 /* UIBarButtonItem+Extension.swift in Sources */ = {isa = PBXBuildFile; fileRef = 1A60B5BC2090BD14007A0563 /* UIBarButtonItem+Extension.swift */; };
/* End PBXBuildFile section */

/* Begin PBXFileReference section */
		1A4DD4EF1EBEC8BA001F97BD /* LSWeiboSwift.app */ = {isa = PBXFileReference; explicitFileType = wrapper.application; includeInIndex = 0; path = LSWeiboSwift.app; sourceTree = BUILT_PRODUCTS_DIR; };
		1A4DD4F21EBEC8BA001F97BD /* AppDelegate.swift */ = {isa = PBXFileReference; lastKnownFileType = sourcecode.swift; path = AppDelegate.swift; sourceTree = "<group>"; };
		1A4DD4F91EBEC8BA001F97BD /* Assets.xcassets */ = {isa = PBXFileReference; lastKnownFileType = folder.assetcatalog; path = Assets.xcassets; sourceTree = "<group>"; };
		1A4DD4FC1EBEC8BA001F97BD /* Base */ = {isa = PBXFileReference; lastKnownFileType = file.storyboard; name = Base; path = Base.lproj/LaunchScreen.storyboard; sourceTree = "<group>"; };
		1A4DD4FE1EBEC8BA001F97BD /* Info.plist */ = {isa = PBXFileReference; lastKnownFileType = text.plist.xml; path = Info.plist; sourceTree = "<group>"; };
		1A550B452088CCFF00F2E073 /* LSMainViewController.swift */ = {isa = PBXFileReference; lastKnownFileType = sourcecode.swift; path = LSMainViewController.swift; sourceTree = "<group>"; };
		1A550B472088CD1E00F2E073 /* LSBaseViewController.swift */ = {isa = PBXFileReference; lastKnownFileType = sourcecode.swift; path = LSBaseViewController.swift; sourceTree = "<group>"; };
		1A550B492088CD9900F2E073 /* LSDiscoverViewController.swift */ = {isa = PBXFileReference; lastKnownFileType = sourcecode.swift; path = LSDiscoverViewController.swift; sourceTree = "<group>"; };
		1A550B4D2088CDBF00F2E073 /* LSProfileViewController.swift */ = {isa = PBXFileReference; lastKnownFileType = sourcecode.swift; path = LSProfileViewController.swift; sourceTree = "<group>"; };
		1A550B4F2088CDC600F2E073 /* LSHomeViewController.swift */ = {isa = PBXFileReference; lastKnownFileType = sourcecode.swift; path = LSHomeViewController.swift; sourceTree = "<group>"; };
		1A550B52208AA16F00F2E073 /* LSNavigationViewController.swift */ = {isa = PBXFileReference; lastKnownFileType = sourcecode.swift; path = LSNavigationViewController.swift; sourceTree = "<group>"; };
		1A550B92208AF82700F2E073 /* Bunde+Extention.swift */ = {isa = PBXFileReference; lastKnownFileType = sourcecode.swift; name = "Bunde+Extention.swift"; path = "LSWeiboSwift/Classes/Tools/Bunde+Extention.swift"; sourceTree = SOURCE_ROOT; };
		1A550DE4208B6E0600F2E073 /* UIColor+CZAddition.m */ = {isa = PBXFileReference; fileEncoding = 4; lastKnownFileType = sourcecode.c.objc; path = "UIColor+CZAddition.m"; sourceTree = "<group>"; };
		1A550DE5208B6E0600F2E073 /* UIView+CZAddition.m */ = {isa = PBXFileReference; fileEncoding = 4; lastKnownFileType = sourcecode.c.objc; path = "UIView+CZAddition.m"; sourceTree = "<group>"; };
		1A550DE6208B6E0600F2E073 /* NSObject+CZAddition.h */ = {isa = PBXFileReference; fileEncoding = 4; lastKnownFileType = sourcecode.c.h; path = "NSObject+CZAddition.h"; sourceTree = "<group>"; };
		1A550DE7208B6E0600F2E073 /* UIButton+CZAddition.h */ = {isa = PBXFileReference; fileEncoding = 4; lastKnownFileType = sourcecode.c.h; path = "UIButton+CZAddition.h"; sourceTree = "<group>"; };
		1A550DE8208B6E0600F2E073 /* NSString+CZHash.h */ = {isa = PBXFileReference; fileEncoding = 4; lastKnownFileType = sourcecode.c.h; path = "NSString+CZHash.h"; sourceTree = "<group>"; };
		1A550DE9208B6E0600F2E073 /* UIScreen+CZAddition.m */ = {isa = PBXFileReference; fileEncoding = 4; lastKnownFileType = sourcecode.c.objc; path = "UIScreen+CZAddition.m"; sourceTree = "<group>"; };
		1A550DEA208B6E0600F2E073 /* UIViewController+CZAddition.h */ = {isa = PBXFileReference; fileEncoding = 4; lastKnownFileType = sourcecode.c.h; path = "UIViewController+CZAddition.h"; sourceTree = "<group>"; };
		1A550DEB208B6E0600F2E073 /* UILabel+CZAddition.m */ = {isa = PBXFileReference; fileEncoding = 4; lastKnownFileType = sourcecode.c.objc; path = "UILabel+CZAddition.m"; sourceTree = "<group>"; };
		1A550DEC208B6E0600F2E073 /* NSObject+CZRuntime.h */ = {isa = PBXFileReference; fileEncoding = 4; lastKnownFileType = sourcecode.c.h; path = "NSObject+CZRuntime.h"; sourceTree = "<group>"; };
		1A550DED208B6E0600F2E073 /* NSArray+CZAddition.h */ = {isa = PBXFileReference; fileEncoding = 4; lastKnownFileType = sourcecode.c.h; path = "NSArray+CZAddition.h"; sourceTree = "<group>"; };
		1A550DEE208B6E0600F2E073 /* UIImage+Extension.m */ = {isa = PBXFileReference; fileEncoding = 4; lastKnownFileType = sourcecode.c.objc; path = "UIImage+Extension.m"; sourceTree = "<group>"; };
		1A550DEF208B6E0600F2E073 /* NSString+CZBase64.m */ = {isa = PBXFileReference; fileEncoding = 4; lastKnownFileType = sourcecode.c.objc; path = "NSString+CZBase64.m"; sourceTree = "<group>"; };
		1A550DF0208B6E0600F2E073 /* NSString+CZPath.m */ = {isa = PBXFileReference; fileEncoding = 4; lastKnownFileType = sourcecode.c.objc; path = "NSString+CZPath.m"; sourceTree = "<group>"; };
		1A550DF1208B6E0600F2E073 /* NSArray+Log.h */ = {isa = PBXFileReference; fileEncoding = 4; lastKnownFileType = sourcecode.c.h; path = "NSArray+Log.h"; sourceTree = "<group>"; };
		1A550DF2208B6E0600F2E073 /* NSAttributedString+CZAdditon.h */ = {isa = PBXFileReference; fileEncoding = 4; lastKnownFileType = sourcecode.c.h; path = "NSAttributedString+CZAdditon.h"; sourceTree = "<group>"; };
		1A550DF3208B6E0600F2E073 /* UIView+JKFrame.m */ = {isa = PBXFileReference; fileEncoding = 4; lastKnownFileType = sourcecode.c.objc; path = "UIView+JKFrame.m"; sourceTree = "<group>"; };
		1A550DF4208B6E0600F2E073 /* UIButton+CZAddition.m */ = {isa = PBXFileReference; fileEncoding = 4; lastKnownFileType = sourcecode.c.objc; path = "UIButton+CZAddition.m"; sourceTree = "<group>"; };
		1A550DF5208B6E0600F2E073 /* NSObject+CZAddition.m */ = {isa = PBXFileReference; fileEncoding = 4; lastKnownFileType = sourcecode.c.objc; path = "NSObject+CZAddition.m"; sourceTree = "<group>"; };
		1A550DF6208B6E0600F2E073 /* UIView+CZAddition.h */ = {isa = PBXFileReference; fileEncoding = 4; lastKnownFileType = sourcecode.c.h; path = "UIView+CZAddition.h"; sourceTree = "<group>"; };
		1A550DF7208B6E0600F2E073 /* UIColor+CZAddition.h */ = {isa = PBXFileReference; fileEncoding = 4; lastKnownFileType = sourcecode.c.h; path = "UIColor+CZAddition.h"; sourceTree = "<group>"; };
		1A550DF8208B6E0600F2E073 /* NSObject+CZRuntime.m */ = {isa = PBXFileReference; fileEncoding = 4; lastKnownFileType = sourcecode.c.objc; path = "NSObject+CZRuntime.m"; sourceTree = "<group>"; };
		1A550DF9208B6E0600F2E073 /* UILabel+CZAddition.h */ = {isa = PBXFileReference; fileEncoding = 4; lastKnownFileType = sourcecode.c.h; path = "UILabel+CZAddition.h"; sourceTree = "<group>"; };
		1A550DFA208B6E0600F2E073 /* UIScreen+CZAddition.h */ = {isa = PBXFileReference; fileEncoding = 4; lastKnownFileType = sourcecode.c.h; path = "UIScreen+CZAddition.h"; sourceTree = "<group>"; };
		1A550DFB208B6E0600F2E073 /* UIViewController+CZAddition.m */ = {isa = PBXFileReference; fileEncoding = 4; lastKnownFileType = sourcecode.c.objc; path = "UIViewController+CZAddition.m"; sourceTree = "<group>"; };
		1A550DFC208B6E0600F2E073 /* NSString+CZHash.m */ = {isa = PBXFileReference; fileEncoding = 4; lastKnownFileType = sourcecode.c.objc; path = "NSString+CZHash.m"; sourceTree = "<group>"; };
		1A550DFD208B6E0600F2E073 /* NSString+CZBase64.h */ = {isa = PBXFileReference; fileEncoding = 4; lastKnownFileType = sourcecode.c.h; path = "NSString+CZBase64.h"; sourceTree = "<group>"; };
		1A550DFE208B6E0600F2E073 /* UIImage+Extension.h */ = {isa = PBXFileReference; fileEncoding = 4; lastKnownFileType = sourcecode.c.h; path = "UIImage+Extension.h"; sourceTree = "<group>"; };
		1A550DFF208B6E0600F2E073 /* NSArray+CZAddition.m */ = {isa = PBXFileReference; fileEncoding = 4; lastKnownFileType = sourcecode.c.objc; path = "NSArray+CZAddition.m"; sourceTree = "<group>"; };
		1A550E00208B6E0600F2E073 /* CZAdditions.h */ = {isa = PBXFileReference; fileEncoding = 4; lastKnownFileType = sourcecode.c.h; path = CZAdditions.h; sourceTree = "<group>"; };
		1A550E01208B6E0600F2E073 /* UIView+JKFrame.h */ = {isa = PBXFileReference; fileEncoding = 4; lastKnownFileType = sourcecode.c.h; path = "UIView+JKFrame.h"; sourceTree = "<group>"; };
		1A550E02208B6E0600F2E073 /* NSAttributedString+CZAdditon.m */ = {isa = PBXFileReference; fileEncoding = 4; lastKnownFileType = sourcecode.c.objc; path = "NSAttributedString+CZAdditon.m"; sourceTree = "<group>"; };
		1A550E03208B6E0600F2E073 /* NSArray+Log.m */ = {isa = PBXFileReference; fileEncoding = 4; lastKnownFileType = sourcecode.c.objc; path = "NSArray+Log.m"; sourceTree = "<group>"; };
		1A550E04208B6E0600F2E073 /* NSString+CZPath.h */ = {isa = PBXFileReference; fileEncoding = 4; lastKnownFileType = sourcecode.c.h; path = "NSString+CZPath.h"; sourceTree = "<group>"; };
		1A550E16208B735100F2E073 /* LSMessageViewController.swift */ = {isa = PBXFileReference; lastKnownFileType = sourcecode.swift; path = LSMessageViewController.swift; sourceTree = "<group>"; };
		1A60B5B9208C2E96007A0563 /* WeiBo+Bridge.h */ = {isa = PBXFileReference; lastKnownFileType = sourcecode.c.h; path = "WeiBo+Bridge.h"; sourceTree = "<group>"; };
		1A60B5BA208CBA4C007A0563 /* LSDemoViewController.swift */ = {isa = PBXFileReference; lastKnownFileType = sourcecode.swift; path = LSDemoViewController.swift; sourceTree = "<group>"; };
		1A60B5BC2090BD14007A0563 /* UIBarButtonItem+Extension.swift */ = {isa = PBXFileReference; lastKnownFileType = sourcecode.swift; path = "UIBarButtonItem+Extension.swift"; sourceTree = "<group>"; };
/* End PBXFileReference section */

/* Begin PBXFrameworksBuildPhase section */
		1A4DD4EC1EBEC8BA001F97BD /* Frameworks */ = {
			isa = PBXFrameworksBuildPhase;
			buildActionMask = 2147483647;
			files = (
			);
			runOnlyForDeploymentPostprocessing = 0;
		};
/* End PBXFrameworksBuildPhase section */

/* Begin PBXGroup section */
		1A4DD4E61EBEC8BA001F97BD = {
			isa = PBXGroup;
			children = (
				1A4DD4F11EBEC8BA001F97BD /* LSWeiboSwift */,
				1A4DD4F01EBEC8BA001F97BD /* Products */,
			);
			sourceTree = "<group>";
		};
		1A4DD4F01EBEC8BA001F97BD /* Products */ = {
			isa = PBXGroup;
			children = (
				1A4DD4EF1EBEC8BA001F97BD /* LSWeiboSwift.app */,
			);
			name = Products;
			sourceTree = "<group>";
		};
		1A4DD4F11EBEC8BA001F97BD /* LSWeiboSwift */ = {
			isa = PBXGroup;
			children = (
				1A550B2C2088CBFA00F2E073 /* Classes */,
				1A4DD4F21EBEC8BA001F97BD /* AppDelegate.swift */,
				1A4DD4F91EBEC8BA001F97BD /* Assets.xcassets */,
				1A4DD4FB1EBEC8BA001F97BD /* LaunchScreen.storyboard */,
				1A4DD4FE1EBEC8BA001F97BD /* Info.plist */,
				1A60B5B9208C2E96007A0563 /* WeiBo+Bridge.h */,
			);
			path = LSWeiboSwift;
			sourceTree = "<group>";
		};
		1A550B2C2088CBFA00F2E073 /* Classes */ = {
			isa = PBXGroup;
			children = (
				1A550B51208A26CE00F2E073 /* ViewModel */,
				1A550B3C2088CBFA00F2E073 /* Model */,
				1A550B3D2088CBFA00F2E073 /* View */,
				1A550B2D2088CBFA00F2E073 /* Tools */,
			);
			path = Classes;
			sourceTree = "<group>";
		};
		1A550B2D2088CBFA00F2E073 /* Tools */ = {
			isa = PBXGroup;
			children = (
				1A550DE3208B6E0600F2E073 /* Additions */,
				1A550B91208AF7FB00F2E073 /* EXTENSION */,
			);
			path = Tools;
			sourceTree = "<group>";
		};
		1A550B3C2088CBFA00F2E073 /* Model */ = {
			isa = PBXGroup;
			children = (
			);
			path = Model;
			sourceTree = "<group>";
		};
		1A550B3D2088CBFA00F2E073 /* View */ = {
			isa = PBXGroup;
			children = (
				1A550B3E2088CBFA00F2E073 /* Home */,
				1A550B442088CC8000F2E073 /* Discover */,
				1A550E15208B731800F2E073 /* Message */,
				1A550B422088CC8000F2E073 /* Profile */,
				1A550B402088CBFA00F2E073 /* Main */,
			);
			path = View;
			sourceTree = "<group>";
		};
		1A550B3E2088CBFA00F2E073 /* Home */ = {
			isa = PBXGroup;
			children = (
				1A550B3F2088CBFA00F2E073 /* StatusCell */,
				1A550B4F2088CDC600F2E073 /* LSHomeViewController.swift */,
			);
			path = Home;
			sourceTree = "<group>";
		};
		1A550B3F2088CBFA00F2E073 /* StatusCell */ = {
			isa = PBXGroup;
			children = (
			);
			path = StatusCell;
			sourceTree = "<group>";
		};
		1A550B402088CBFA00F2E073 /* Main */ = {
			isa = PBXGroup;
			children = (
				1A550B452088CCFF00F2E073 /* LSMainViewController.swift */,
				1A550B472088CD1E00F2E073 /* LSBaseViewController.swift */,
				1A550B52208AA16F00F2E073 /* LSNavigationViewController.swift */,
				1A60B5BA208CBA4C007A0563 /* LSDemoViewController.swift */,
			);
			path = Main;
			sourceTree = "<group>";
		};
		1A550B422088CC8000F2E073 /* Profile */ = {
			isa = PBXGroup;
			children = (
				1A550B4D2088CDBF00F2E073 /* LSProfileViewController.swift */,
			);
			path = Profile;
			sourceTree = "<group>";
		};
		1A550B442088CC8000F2E073 /* Discover */ = {
			isa = PBXGroup;
			children = (
				1A550B492088CD9900F2E073 /* LSDiscoverViewController.swift */,
			);
			path = Discover;
			sourceTree = "<group>";
		};
		1A550B51208A26CE00F2E073 /* ViewModel */ = {
			isa = PBXGroup;
			children = (
			);
			path = ViewModel;
			sourceTree = "<group>";
		};
		1A550B91208AF7FB00F2E073 /* EXTENSION */ = {
			isa = PBXGroup;
			children = (
				1A550B92208AF82700F2E073 /* Bunde+Extention.swift */,
				1A60B5BC2090BD14007A0563 /* UIBarButtonItem+Extension.swift */,
			);
			path = EXTENSION;
			sourceTree = "<group>";
		};
		1A550DE3208B6E0600F2E073 /* Additions */ = {
			isa = PBXGroup;
			children = (
				1A550DE4208B6E0600F2E073 /* UIColor+CZAddition.m */,
				1A550DE5208B6E0600F2E073 /* UIView+CZAddition.m */,
				1A550DE6208B6E0600F2E073 /* NSObject+CZAddition.h */,
				1A550DE7208B6E0600F2E073 /* UIButton+CZAddition.h */,
				1A550DE8208B6E0600F2E073 /* NSString+CZHash.h */,
				1A550DE9208B6E0600F2E073 /* UIScreen+CZAddition.m */,
				1A550DEA208B6E0600F2E073 /* UIViewController+CZAddition.h */,
				1A550DEB208B6E0600F2E073 /* UILabel+CZAddition.m */,
				1A550DEC208B6E0600F2E073 /* NSObject+CZRuntime.h */,
				1A550DED208B6E0600F2E073 /* NSArray+CZAddition.h */,
				1A550DEE208B6E0600F2E073 /* UIImage+Extension.m */,
				1A550DEF208B6E0600F2E073 /* NSString+CZBase64.m */,
				1A550DF0208B6E0600F2E073 /* NSString+CZPath.m */,
				1A550DF1208B6E0600F2E073 /* NSArray+Log.h */,
				1A550DF2208B6E0600F2E073 /* NSAttributedString+CZAdditon.h */,
				1A550DF3208B6E0600F2E073 /* UIView+JKFrame.m */,
				1A550DF4208B6E0600F2E073 /* UIButton+CZAddition.m */,
				1A550DF5208B6E0600F2E073 /* NSObject+CZAddition.m */,
				1A550DF6208B6E0600F2E073 /* UIView+CZAddition.h */,
				1A550DF7208B6E0600F2E073 /* UIColor+CZAddition.h */,
				1A550DF8208B6E0600F2E073 /* NSObject+CZRuntime.m */,
				1A550DF9208B6E0600F2E073 /* UILabel+CZAddition.h */,
				1A550DFA208B6E0600F2E073 /* UIScreen+CZAddition.h */,
				1A550DFB208B6E0600F2E073 /* UIViewController+CZAddition.m */,
				1A550DFC208B6E0600F2E073 /* NSString+CZHash.m */,
				1A550DFD208B6E0600F2E073 /* NSString+CZBase64.h */,
				1A550DFE208B6E0600F2E073 /* UIImage+Extension.h */,
				1A550DFF208B6E0600F2E073 /* NSArray+CZAddition.m */,
				1A550E00208B6E0600F2E073 /* CZAdditions.h */,
				1A550E01208B6E0600F2E073 /* UIView+JKFrame.h */,
				1A550E02208B6E0600F2E073 /* NSAttributedString+CZAdditon.m */,
				1A550E03208B6E0600F2E073 /* NSArray+Log.m */,
				1A550E04208B6E0600F2E073 /* NSString+CZPath.h */,
			);
			path = Additions;
			sourceTree = "<group>";
		};
		1A550E15208B731800F2E073 /* Message */ = {
			isa = PBXGroup;
			children = (
				1A550E16208B735100F2E073 /* LSMessageViewController.swift */,
			);
			path = Message;
			sourceTree = "<group>";
		};
/* End PBXGroup section */

/* Begin PBXNativeTarget section */
		1A4DD4EE1EBEC8BA001F97BD /* LSWeiboSwift */ = {
			isa = PBXNativeTarget;
			buildConfigurationList = 1A4DD5011EBEC8BA001F97BD /* Build configuration list for PBXNativeTarget "LSWeiboSwift" */;
			buildPhases = (
				1A4DD4EB1EBEC8BA001F97BD /* Sources */,
				1A4DD4EC1EBEC8BA001F97BD /* Frameworks */,
				1A4DD4ED1EBEC8BA001F97BD /* Resources */,
			);
			buildRules = (
			);
			dependencies = (
			);
			name = LSWeiboSwift;
			productName = LSWeiboSwift;
			productReference = 1A4DD4EF1EBEC8BA001F97BD /* LSWeiboSwift.app */;
			productType = "com.apple.product-type.application";
		};
/* End PBXNativeTarget section */

/* Begin PBXProject section */
		1A4DD4E71EBEC8BA001F97BD /* Project object */ = {
			isa = PBXProject;
			attributes = {
				CLASSPREFIX = LS;
				LastSwiftUpdateCheck = 0830;
				LastUpgradeCheck = 0830;
				ORGANIZATIONNAME = SocererGroup;
				TargetAttributes = {
					1A4DD4EE1EBEC8BA001F97BD = {
						CreatedOnToolsVersion = 8.3.2;
						DevelopmentTeam = T9A27F8Q5D;
						ProvisioningStyle = Automatic;
					};
				};
			};
			buildConfigurationList = 1A4DD4EA1EBEC8BA001F97BD /* Build configuration list for PBXProject "LSWeiboSwift" */;
			compatibilityVersion = "Xcode 3.2";
			developmentRegion = English;
			hasScannedForEncodings = 0;
			knownRegions = (
				en,
				Base,
			);
			mainGroup = 1A4DD4E61EBEC8BA001F97BD;
			productRefGroup = 1A4DD4F01EBEC8BA001F97BD /* Products */;
			projectDirPath = "";
			projectRoot = "";
			targets = (
				1A4DD4EE1EBEC8BA001F97BD /* LSWeiboSwift */,
			);
		};
/* End PBXProject section */

/* Begin PBXResourcesBuildPhase section */
		1A4DD4ED1EBEC8BA001F97BD /* Resources */ = {
			isa = PBXResourcesBuildPhase;
			buildActionMask = 2147483647;
			files = (
				1A4DD4FD1EBEC8BA001F97BD /* LaunchScreen.storyboard in Resources */,
				1A4DD4FA1EBEC8BA001F97BD /* Assets.xcassets in Resources */,
			);
			runOnlyForDeploymentPostprocessing = 0;
		};
/* End PBXResourcesBuildPhase section */

/* Begin PBXSourcesBuildPhase section */
		1A4DD4EB1EBEC8BA001F97BD /* Sources */ = {
			isa = PBXSourcesBuildPhase;
			buildActionMask = 2147483647;
			files = (
				1A550E12208B6E0600F2E073 /* NSArray+CZAddition.m in Sources */,
				1A550E06208B6E0600F2E073 /* UIView+CZAddition.m in Sources */,
				1A550E09208B6E0600F2E073 /* UIImage+Extension.m in Sources */,
				1A550E05208B6E0600F2E073 /* UIColor+CZAddition.m in Sources */,
				1A550E0F208B6E0600F2E073 /* NSObject+CZRuntime.m in Sources */,
				1A550B482088CD1E00F2E073 /* LSBaseViewController.swift in Sources */,
				1A550E0D208B6E0600F2E073 /* UIButton+CZAddition.m in Sources */,
				1A60B5BD2090BD14007A0563 /* UIBarButtonItem+Extension.swift in Sources */,
				1A550E11208B6E0600F2E073 /* NSString+CZHash.m in Sources */,
				1A550B462088CCFF00F2E073 /* LSMainViewController.swift in Sources */,
				1A550E08208B6E0600F2E073 /* UILabel+CZAddition.m in Sources */,
				1A550E0C208B6E0600F2E073 /* UIView+JKFrame.m in Sources */,
				1A550B53208AA16F00F2E073 /* LSNavigationViewController.swift in Sources */,
				1A550B4A2088CD9900F2E073 /* LSDiscoverViewController.swift in Sources */,
				1A550B502088CDC600F2E073 /* LSHomeViewController.swift in Sources */,
				1A550E0B208B6E0600F2E073 /* NSString+CZPath.m in Sources */,
				1A550E0A208B6E0600F2E073 /* NSString+CZBase64.m in Sources */,
				1A550B93208AF82700F2E073 /* Bunde+Extention.swift in Sources */,
				1A550E0E208B6E0600F2E073 /* NSObject+CZAddition.m in Sources */,
				1A4DD4F31EBEC8BA001F97BD /* AppDelegate.swift in Sources */,
				1A550E14208B6E0600F2E073 /* NSArray+Log.m in Sources */,
				1A550E13208B6E0600F2E073 /* NSAttributedString+CZAdditon.m in Sources */,
				1A550E10208B6E0600F2E073 /* UIViewController+CZAddition.m in Sources */,
				1A60B5BB208CBA4C007A0563 /* LSDemoViewController.swift in Sources */,
				1A550E17208B735100F2E073 /* LSMessageViewController.swift in Sources */,
				1A550E07208B6E0600F2E073 /* UIScreen+CZAddition.m in Sources */,
				1A550B4E2088CDBF00F2E073 /* LSProfileViewController.swift in Sources */,
			);
			runOnlyForDeploymentPostprocessing = 0;
		};
/* End PBXSourcesBuildPhase section */

/* Begin PBXVariantGroup section */
		1A4DD4FB1EBEC8BA001F97BD /* LaunchScreen.storyboard */ = {
			isa = PBXVariantGroup;
			children = (
				1A4DD4FC1EBEC8BA001F97BD /* Base */,
			);
			name = LaunchScreen.storyboard;
			sourceTree = "<group>";
		};
/* End PBXVariantGroup section */

/* Begin XCBuildConfiguration section */
		1A4DD4FF1EBEC8BA001F97BD /* Debug */ = {
			isa = XCBuildConfiguration;
			buildSettings = {
				ALWAYS_SEARCH_USER_PATHS = NO;
				CLANG_ANALYZER_NONNULL = YES;
				CLANG_ANALYZER_NUMBER_OBJECT_CONVERSION = YES_AGGRESSIVE;
				CLANG_CXX_LANGUAGE_STANDARD = "gnu++0x";
				CLANG_CXX_LIBRARY = "libc++";
				CLANG_ENABLE_MODULES = YES;
				CLANG_ENABLE_OBJC_ARC = YES;
				CLANG_WARN_BOOL_CONVERSION = YES;
				CLANG_WARN_CONSTANT_CONVERSION = YES;
				CLANG_WARN_DIRECT_OBJC_ISA_USAGE = YES_ERROR;
				CLANG_WARN_DOCUMENTATION_COMMENTS = YES;
				CLANG_WARN_EMPTY_BODY = YES;
				CLANG_WARN_ENUM_CONVERSION = YES;
				CLANG_WARN_INFINITE_RECURSION = YES;
				CLANG_WARN_INT_CONVERSION = YES;
				CLANG_WARN_OBJC_ROOT_CLASS = YES_ERROR;
				CLANG_WARN_SUSPICIOUS_MOVE = YES;
				CLANG_WARN_UNREACHABLE_CODE = YES;
				CLANG_WARN__DUPLICATE_METHOD_MATCH = YES;
				"CODE_SIGN_IDENTITY[sdk=iphoneos*]" = "iPhone Developer";
				COPY_PHASE_STRIP = NO;
				DEBUG_INFORMATION_FORMAT = dwarf;
				ENABLE_STRICT_OBJC_MSGSEND = YES;
				ENABLE_TESTABILITY = YES;
				GCC_C_LANGUAGE_STANDARD = gnu99;
				GCC_DYNAMIC_NO_PIC = NO;
				GCC_NO_COMMON_BLOCKS = YES;
				GCC_OPTIMIZATION_LEVEL = 0;
				GCC_PREPROCESSOR_DEFINITIONS = (
					"DEBUG=1",
					"$(inherited)",
				);
				GCC_WARN_64_TO_32_BIT_CONVERSION = YES;
				GCC_WARN_ABOUT_RETURN_TYPE = YES_ERROR;
				GCC_WARN_UNDECLARED_SELECTOR = YES;
				GCC_WARN_UNINITIALIZED_AUTOS = YES_AGGRESSIVE;
				GCC_WARN_UNUSED_FUNCTION = YES;
				GCC_WARN_UNUSED_VARIABLE = YES;
				IPHONEOS_DEPLOYMENT_TARGET = 10.3;
				MTL_ENABLE_DEBUG_INFO = YES;
				ONLY_ACTIVE_ARCH = YES;
				SDKROOT = iphoneos;
				SWIFT_ACTIVE_COMPILATION_CONDITIONS = DEBUG;
				SWIFT_OPTIMIZATION_LEVEL = "-Onone";
				TARGETED_DEVICE_FAMILY = "1,2";
			};
			name = Debug;
		};
		1A4DD5001EBEC8BA001F97BD /* Release */ = {
			isa = XCBuildConfiguration;
			buildSettings = {
				ALWAYS_SEARCH_USER_PATHS = NO;
				CLANG_ANALYZER_NONNULL = YES;
				CLANG_ANALYZER_NUMBER_OBJECT_CONVERSION = YES_AGGRESSIVE;
				CLANG_CXX_LANGUAGE_STANDARD = "gnu++0x";
				CLANG_CXX_LIBRARY = "libc++";
				CLANG_ENABLE_MODULES = YES;
				CLANG_ENABLE_OBJC_ARC = YES;
				CLANG_WARN_BOOL_CONVERSION = YES;
				CLANG_WARN_CONSTANT_CONVERSION = YES;
				CLANG_WARN_DIRECT_OBJC_ISA_USAGE = YES_ERROR;
				CLANG_WARN_DOCUMENTATION_COMMENTS = YES;
				CLANG_WARN_EMPTY_BODY = YES;
				CLANG_WARN_ENUM_CONVERSION = YES;
				CLANG_WARN_INFINITE_RECURSION = YES;
				CLANG_WARN_INT_CONVERSION = YES;
				CLANG_WARN_OBJC_ROOT_CLASS = YES_ERROR;
				CLANG_WARN_SUSPICIOUS_MOVE = YES;
				CLANG_WARN_UNREACHABLE_CODE = YES;
				CLANG_WARN__DUPLICATE_METHOD_MATCH = YES;
				"CODE_SIGN_IDENTITY[sdk=iphoneos*]" = "iPhone Developer";
				COPY_PHASE_STRIP = NO;
				DEBUG_INFORMATION_FORMAT = "dwarf-with-dsym";
				ENABLE_NS_ASSERTIONS = NO;
				ENABLE_STRICT_OBJC_MSGSEND = YES;
				GCC_C_LANGUAGE_STANDARD = gnu99;
				GCC_NO_COMMON_BLOCKS = YES;
				GCC_WARN_64_TO_32_BIT_CONVERSION = YES;
				GCC_WARN_ABOUT_RETURN_TYPE = YES_ERROR;
				GCC_WARN_UNDECLARED_SELECTOR = YES;
				GCC_WARN_UNINITIALIZED_AUTOS = YES_AGGRESSIVE;
				GCC_WARN_UNUSED_FUNCTION = YES;
				GCC_WARN_UNUSED_VARIABLE = YES;
				IPHONEOS_DEPLOYMENT_TARGET = 10.3;
				MTL_ENABLE_DEBUG_INFO = NO;
				SDKROOT = iphoneos;
				SWIFT_OPTIMIZATION_LEVEL = "-Owholemodule";
				TARGETED_DEVICE_FAMILY = "1,2";
				VALIDATE_PRODUCT = YES;
			};
			name = Release;
		};
		1A4DD5021EBEC8BA001F97BD /* Debug */ = {
			isa = XCBuildConfiguration;
			buildSettings = {
				ASSETCATALOG_COMPILER_APPICON_NAME = AppIcon;
				ASSETCATALOG_COMPILER_LAUNCHIMAGE_NAME = LaunchImage;
				DEVELOPMENT_TEAM = T9A27F8Q5D;
				INFOPLIST_FILE = LSWeiboSwift/Info.plist;
				IPHONEOS_DEPLOYMENT_TARGET = 8.0;
				LD_RUNPATH_SEARCH_PATHS = "$(inherited) @executable_path/Frameworks";
				PRODUCT_BUNDLE_IDENTIFIER = com.SocererGroup.LSWeiboSwift;
				PRODUCT_NAME = "$(TARGET_NAME)";
				SWIFT_OBJC_BRIDGING_HEADER = "$(SRCROOT)/LSWeiboSwift/WeiBo+Bridge.h";
				SWIFT_VERSION = 3.0;
				TARGETED_DEVICE_FAMILY = 1;
			};
			name = Debug;
		};
		1A4DD5031EBEC8BA001F97BD /* Release */ = {
			isa = XCBuildConfiguration;
			buildSettings = {
				ASSETCATALOG_COMPILER_APPICON_NAME = AppIcon;
				ASSETCATALOG_COMPILER_LAUNCHIMAGE_NAME = LaunchImage;
				DEVELOPMENT_TEAM = T9A27F8Q5D;
				INFOPLIST_FILE = LSWeiboSwift/Info.plist;
				IPHONEOS_DEPLOYMENT_TARGET = 8.0;
				LD_RUNPATH_SEARCH_PATHS = "$(inherited) @executable_path/Frameworks";
				PRODUCT_BUNDLE_IDENTIFIER = com.SocererGroup.LSWeiboSwift;
				PRODUCT_NAME = "$(TARGET_NAME)";
				SWIFT_OBJC_BRIDGING_HEADER = "$(SRCROOT)/LSWeiboSwift/WeiBo+Bridge.h";
				SWIFT_VERSION = 3.0;
				TARGETED_DEVICE_FAMILY = 1;
			};
			name = Release;
		};
/* End XCBuildConfiguration section */

/* Begin XCConfigurationList section */
		1A4DD4EA1EBEC8BA001F97BD /* Build configuration list for PBXProject "LSWeiboSwift" */ = {
			isa = XCConfigurationList;
			buildConfigurations = (
				1A4DD4FF1EBEC8BA001F97BD /* Debug */,
				1A4DD5001EBEC8BA001F97BD /* Release */,
			);
			defaultConfigurationIsVisible = 0;
			defaultConfigurationName = Release;
		};
		1A4DD5011EBEC8BA001F97BD /* Build configuration list for PBXNativeTarget "LSWeiboSwift" */ = {
			isa = XCConfigurationList;
			buildConfigurations = (
				1A4DD5021EBEC8BA001F97BD /* Debug */,
				1A4DD5031EBEC8BA001F97BD /* Release */,
			);
			defaultConfigurationIsVisible = 0;
			defaultConfigurationName = Release;
		};
/* End XCConfigurationList section */
	};
	rootObject = 1A4DD4E71EBEC8BA001F97BD /* Project object */;
}
