// !$*UTF8*$!
{
	archiveVersion = 1;
	classes = {
	};
	objectVersion = 46;
	objects = {

/* Begin PBXBuildFile section */
		1A148A131F910FB600D35BD8 /* LSOAthViewController.swift in Sources */ = {isa = PBXBuildFile; fileRef = 1A148A121F910FB600D35BD8 /* LSOAthViewController.swift */; };
		1A1574B3203AB8A9008D7CB9 /* LSUser.swift in Sources */ = {isa = PBXBuildFile; fileRef = 1A1574B2203AB8A9008D7CB9 /* LSUser.swift */; };
		1A1574B5203AC839008D7CB9 /* LSStatusViewModel.swift in Sources */ = {isa = PBXBuildFile; fileRef = 1A1574B4203AC839008D7CB9 /* LSStatusViewModel.swift */; };
		1A1574B7203D22FB008D7CB9 /* UIImageView+WebImage.swift in Sources */ = {isa = PBXBuildFile; fileRef = 1A1574B6203D22FB008D7CB9 /* UIImageView+WebImage.swift */; };
		1A1574B9203DB3DC008D7CB9 /* LSToolBar.swift in Sources */ = {isa = PBXBuildFile; fileRef = 1A1574B8203DB3DC008D7CB9 /* LSToolBar.swift */; };
		1A1574BD203EB05B008D7CB9 /* LSStatusPicture.swift in Sources */ = {isa = PBXBuildFile; fileRef = 1A1574BC203EB05B008D7CB9 /* LSStatusPicture.swift */; };
		1A17E47C1FE2B7390025D5E0 /* LSTitleButton.swift in Sources */ = {isa = PBXBuildFile; fileRef = 1A17E47B1FE2B7390025D5E0 /* LSTitleButton.swift */; };
		1A1E32D31F9AEDA600984D43 /* LSUseraccount.swift in Sources */ = {isa = PBXBuildFile; fileRef = 1A1E32D21F9AEDA600984D43 /* LSUseraccount.swift */; };
		1A3769C020395BE9009A2576 /* WeiBoStatusNormalCell.xib in Resources */ = {isa = PBXBuildFile; fileRef = 1A3769BF20395BE9009A2576 /* WeiBoStatusNormalCell.xib */; };
		1A3769C220395C85009A2576 /* LSStatusCell.swift in Sources */ = {isa = PBXBuildFile; fileRef = 1A3769C120395C85009A2576 /* LSStatusCell.swift */; };
		1A39E6CC1F5EE8F700B9E7DB /* LSNetworkManager.swift in Sources */ = {isa = PBXBuildFile; fileRef = 1A39E6CB1F5EE8F700B9E7DB /* LSNetworkManager.swift */; };
		1A3AB6571FE6B2E3003C12C6 /* LSWelcomeView.swift in Sources */ = {isa = PBXBuildFile; fileRef = 1A3AB6561FE6B2E3003C12C6 /* LSWelcomeView.swift */; };
		1A3AB6591FE6B2FD003C12C6 /* LSNewFeature.swift in Sources */ = {isa = PBXBuildFile; fileRef = 1A3AB6581FE6B2FD003C12C6 /* LSNewFeature.swift */; };
		1A4AA6331FE8006B00E5D0DE /* LSWelcomeView.xib in Resources */ = {isa = PBXBuildFile; fileRef = 1A4AA6321FE8006B00E5D0DE /* LSWelcomeView.xib */; };
		1A4DD4F31EBEC8BA001F97BD /* AppDelegate.swift in Sources */ = {isa = PBXBuildFile; fileRef = 1A4DD4F21EBEC8BA001F97BD /* AppDelegate.swift */; };
		1A5563EF1ECC827B00D0FE3C /* UIBarButtonItem+Extension.swift in Sources */ = {isa = PBXBuildFile; fileRef = 1A5563EE1ECC827B00D0FE3C /* UIBarButtonItem+Extension.swift */; };
		1A7B3D511F4879ED00E0FF34 /* Assets.xcassets in Resources */ = {isa = PBXBuildFile; fileRef = 1A4DD4F91EBEC8BA001F97BD /* Assets.xcassets */; };
		1AB68AF01EBEF8EE00E37B78 /* LSNavigationController.swift in Sources */ = {isa = PBXBuildFile; fileRef = 1AB68AEF1EBEF8EE00E37B78 /* LSNavigationController.swift */; };
		1AB68AF21EBEF90700E37B78 /* LSBaseController.swift in Sources */ = {isa = PBXBuildFile; fileRef = 1AB68AF11EBEF90700E37B78 /* LSBaseController.swift */; };
		1AB68AF41EBEF94F00E37B78 /* LSHomeController.swift in Sources */ = {isa = PBXBuildFile; fileRef = 1AB68AF31EBEF94F00E37B78 /* LSHomeController.swift */; };
		1AB68AF61EBEF97100E37B78 /* LSDiscoverController.swift in Sources */ = {isa = PBXBuildFile; fileRef = 1AB68AF51EBEF97100E37B78 /* LSDiscoverController.swift */; };
		1AB68AF81EBEF98100E37B78 /* LSMessageController.swift in Sources */ = {isa = PBXBuildFile; fileRef = 1AB68AF71EBEF98100E37B78 /* LSMessageController.swift */; };
		1AB68AFA1EBEF99200E37B78 /* LSProfileController.swift in Sources */ = {isa = PBXBuildFile; fileRef = 1AB68AF91EBEF99200E37B78 /* LSProfileController.swift */; };
		1AB68AFC1EBEFA4F00E37B78 /* LSMainController.swift in Sources */ = {isa = PBXBuildFile; fileRef = 1AB68AFB1EBEFA4F00E37B78 /* LSMainController.swift */; };
		1AB68F9F1EBF500B00E37B78 /* FFLabel.swift in Sources */ = {isa = PBXBuildFile; fileRef = 1AB68F741EBF500B00E37B78 /* FFLabel.swift */; };
		1AB68FE21EBF570B00E37B78 /* Bundle+Extension.swift in Sources */ = {isa = PBXBuildFile; fileRef = 1AB68FDD1EBF570B00E37B78 /* Bundle+Extension.swift */; };
		1AB68FE31EBF570B00E37B78 /* String+Extension.swift in Sources */ = {isa = PBXBuildFile; fileRef = 1AB68FDE1EBF570B00E37B78 /* String+Extension.swift */; };
		1AB690091EC121C300E37B78 /* NSArray+CZAddition.m in Sources */ = {isa = PBXBuildFile; fileRef = 1AB68FEA1EC121C300E37B78 /* NSArray+CZAddition.m */; };
		1AB6900A1EC121C300E37B78 /* NSArray+Log.m in Sources */ = {isa = PBXBuildFile; fileRef = 1AB68FEC1EC121C300E37B78 /* NSArray+Log.m */; };
		1AB6900B1EC121C300E37B78 /* NSAttributedString+CZAdditon.m in Sources */ = {isa = PBXBuildFile; fileRef = 1AB68FEE1EC121C300E37B78 /* NSAttributedString+CZAdditon.m */; };
		1AB6900C1EC121C300E37B78 /* NSObject+CZAddition.m in Sources */ = {isa = PBXBuildFile; fileRef = 1AB68FF01EC121C300E37B78 /* NSObject+CZAddition.m */; };
		1AB6900D1EC121C300E37B78 /* NSObject+CZRuntime.m in Sources */ = {isa = PBXBuildFile; fileRef = 1AB68FF21EC121C300E37B78 /* NSObject+CZRuntime.m */; };
		1AB6900E1EC121C300E37B78 /* NSString+CZBase64.m in Sources */ = {isa = PBXBuildFile; fileRef = 1AB68FF41EC121C300E37B78 /* NSString+CZBase64.m */; };
		1AB6900F1EC121C300E37B78 /* NSString+CZHash.m in Sources */ = {isa = PBXBuildFile; fileRef = 1AB68FF61EC121C300E37B78 /* NSString+CZHash.m */; };
		1AB690101EC121C300E37B78 /* NSString+CZPath.m in Sources */ = {isa = PBXBuildFile; fileRef = 1AB68FF81EC121C300E37B78 /* NSString+CZPath.m */; };
		1AB690121EC121C300E37B78 /* UIColor+CZAddition.m in Sources */ = {isa = PBXBuildFile; fileRef = 1AB68FFC1EC121C300E37B78 /* UIColor+CZAddition.m */; };
		1AB690131EC121C300E37B78 /* UIImage+Extension.m in Sources */ = {isa = PBXBuildFile; fileRef = 1AB68FFE1EC121C300E37B78 /* UIImage+Extension.m */; };
		1AB690141EC121C300E37B78 /* UILabel+CZAddition.m in Sources */ = {isa = PBXBuildFile; fileRef = 1AB690001EC121C300E37B78 /* UILabel+CZAddition.m */; };
		1AB690151EC121C300E37B78 /* UIScreen+CZAddition.m in Sources */ = {isa = PBXBuildFile; fileRef = 1AB690021EC121C300E37B78 /* UIScreen+CZAddition.m */; };
		1AB690161EC121C300E37B78 /* UIView+CZAddition.m in Sources */ = {isa = PBXBuildFile; fileRef = 1AB690041EC121C300E37B78 /* UIView+CZAddition.m */; };
		1AB690171EC121C300E37B78 /* UIView+JKFrame.m in Sources */ = {isa = PBXBuildFile; fileRef = 1AB690061EC121C300E37B78 /* UIView+JKFrame.m */; };
		1AB690181EC121C300E37B78 /* UIViewController+CZAddition.m in Sources */ = {isa = PBXBuildFile; fileRef = 1AB690081EC121C300E37B78 /* UIViewController+CZAddition.m */; };
		1AB6901A1EC1220200E37B78 /* UIImage+Extensions.swift in Sources */ = {isa = PBXBuildFile; fileRef = 1AB690191EC1220200E37B78 /* UIImage+Extensions.swift */; };
		1AB690201EC12E4D00E37B78 /* UIButton+CZAddition.m in Sources */ = {isa = PBXBuildFile; fileRef = 1AB6901F1EC12E4D00E37B78 /* UIButton+CZAddition.m */; };
		1AB690231EC3576D00E37B78 /* LSDemoController.swift in Sources */ = {isa = PBXBuildFile; fileRef = 1AB690221EC3576D00E37B78 /* LSDemoController.swift */; };
		1AB9E7221F6399BB0020F9C5 /* LSNetworkManager+Extension.swift in Sources */ = {isa = PBXBuildFile; fileRef = 1AB9E7211F6399BB0020F9C5 /* LSNetworkManager+Extension.swift */; };
		1AB9E7241F641E660020F9C5 /* LSStatus.swift in Sources */ = {isa = PBXBuildFile; fileRef = 1AB9E7231F641E660020F9C5 /* LSStatus.swift */; };
		1ABC05C61F47D51100445E81 /* LSVisitorView.swift in Sources */ = {isa = PBXBuildFile; fileRef = 1ABC05C51F47D51100445E81 /* LSVisitorView.swift */; };
		1ACAEB971F49D194006AFB01 /* main2.json in Resources */ = {isa = PBXBuildFile; fileRef = 1ACAEB961F49D194006AFB01 /* main2.json */; };
		1AD171861F497E94003A58EA /* main.json in Resources */ = {isa = PBXBuildFile; fileRef = 1AD171851F497E94003A58EA /* main.json */; };
		1AF89C011F64D10F00EAC2CC /* LSStatusListViewModel.swift in Sources */ = {isa = PBXBuildFile; fileRef = 1AF89C001F64D10F00EAC2CC /* LSStatusListViewModel.swift */; };
		1AFDEC7F1F8E602000ACBFCD /* LSWeiBoCommon.swift in Sources */ = {isa = PBXBuildFile; fileRef = 1AFDEC7E1F8E602000ACBFCD /* LSWeiBoCommon.swift */; };
		B3A0C29174BED67BC7B4D97B /* Pods_LSWeiboSwift.framework in Frameworks */ = {isa = PBXBuildFile; fileRef = 6837540665F81B6C95449AD8 /* Pods_LSWeiboSwift.framework */; };
/* End PBXBuildFile section */

/* Begin PBXFileReference section */
		09A1E441EDF6558C424263FD /* Pods-LSWeiboSwift.debug.xcconfig */ = {isa = PBXFileReference; includeInIndex = 1; lastKnownFileType = text.xcconfig; name = "Pods-LSWeiboSwift.debug.xcconfig"; path = "Pods/Target Support Files/Pods-LSWeiboSwift/Pods-LSWeiboSwift.debug.xcconfig"; sourceTree = "<group>"; };
		1A148A121F910FB600D35BD8 /* LSOAthViewController.swift */ = {isa = PBXFileReference; fileEncoding = 4; lastKnownFileType = sourcecode.swift; path = LSOAthViewController.swift; sourceTree = "<group>"; };
		1A1574B2203AB8A9008D7CB9 /* LSUser.swift */ = {isa = PBXFileReference; fileEncoding = 4; lastKnownFileType = sourcecode.swift; name = LSUser.swift; path = LSWeiboSwift/Classes/View/Home/StatusCell/LSUser.swift; sourceTree = SOURCE_ROOT; };
		1A1574B4203AC839008D7CB9 /* LSStatusViewModel.swift */ = {isa = PBXFileReference; fileEncoding = 4; lastKnownFileType = sourcecode.swift; name = LSStatusViewModel.swift; path = LSWeiboSwift/Classes/View/Home/StatusCell/LSStatusViewModel.swift; sourceTree = SOURCE_ROOT; };
		1A1574B6203D22FB008D7CB9 /* UIImageView+WebImage.swift */ = {isa = PBXFileReference; fileEncoding = 4; lastKnownFileType = sourcecode.swift; path = "UIImageView+WebImage.swift"; sourceTree = "<group>"; };
		1A1574B8203DB3DC008D7CB9 /* LSToolBar.swift */ = {isa = PBXFileReference; fileEncoding = 4; lastKnownFileType = sourcecode.swift; path = LSToolBar.swift; sourceTree = "<group>"; };
		1A1574BC203EB05B008D7CB9 /* LSStatusPicture.swift */ = {isa = PBXFileReference; fileEncoding = 4; lastKnownFileType = sourcecode.swift; path = LSStatusPicture.swift; sourceTree = "<group>"; };
		1A17E47B1FE2B7390025D5E0 /* LSTitleButton.swift */ = {isa = PBXFileReference; fileEncoding = 4; lastKnownFileType = sourcecode.swift; path = LSTitleButton.swift; sourceTree = "<group>"; };
		1A1E32D21F9AEDA600984D43 /* LSUseraccount.swift */ = {isa = PBXFileReference; fileEncoding = 4; lastKnownFileType = sourcecode.swift; path = LSUseraccount.swift; sourceTree = "<group>"; };
		1A3769BF20395BE9009A2576 /* WeiBoStatusNormalCell.xib */ = {isa = PBXFileReference; fileEncoding = 4; lastKnownFileType = file.xib; path = WeiBoStatusNormalCell.xib; sourceTree = "<group>"; };
		1A3769C120395C85009A2576 /* LSStatusCell.swift */ = {isa = PBXFileReference; fileEncoding = 4; lastKnownFileType = sourcecode.swift; path = LSStatusCell.swift; sourceTree = "<group>"; };
		1A39E6CB1F5EE8F700B9E7DB /* LSNetworkManager.swift */ = {isa = PBXFileReference; fileEncoding = 4; lastKnownFileType = sourcecode.swift; path = LSNetworkManager.swift; sourceTree = "<group>"; };
		1A3AB6561FE6B2E3003C12C6 /* LSWelcomeView.swift */ = {isa = PBXFileReference; fileEncoding = 4; lastKnownFileType = sourcecode.swift; path = LSWelcomeView.swift; sourceTree = "<group>"; };
		1A3AB6581FE6B2FD003C12C6 /* LSNewFeature.swift */ = {isa = PBXFileReference; fileEncoding = 4; lastKnownFileType = sourcecode.swift; path = LSNewFeature.swift; sourceTree = "<group>"; };
		1A4AA6321FE8006B00E5D0DE /* LSWelcomeView.xib */ = {isa = PBXFileReference; fileEncoding = 4; lastKnownFileType = file.xib; path = LSWelcomeView.xib; sourceTree = "<group>"; };
		1A4DD4EF1EBEC8BA001F97BD /* LSWeiboSwift.app */ = {isa = PBXFileReference; explicitFileType = wrapper.application; includeInIndex = 0; path = LSWeiboSwift.app; sourceTree = BUILT_PRODUCTS_DIR; };
		1A4DD4F21EBEC8BA001F97BD /* AppDelegate.swift */ = {isa = PBXFileReference; lastKnownFileType = sourcecode.swift; path = AppDelegate.swift; sourceTree = "<group>"; };
		1A4DD4F91EBEC8BA001F97BD /* Assets.xcassets */ = {isa = PBXFileReference; lastKnownFileType = folder.assetcatalog; path = Assets.xcassets; sourceTree = "<group>"; };
		1A4DD4FE1EBEC8BA001F97BD /* Info.plist */ = {isa = PBXFileReference; lastKnownFileType = text.plist.xml; path = Info.plist; sourceTree = "<group>"; };
		1A5563EE1ECC827B00D0FE3C /* UIBarButtonItem+Extension.swift */ = {isa = PBXFileReference; fileEncoding = 4; lastKnownFileType = sourcecode.swift; path = "UIBarButtonItem+Extension.swift"; sourceTree = "<group>"; };
		1AB68AEF1EBEF8EE00E37B78 /* LSNavigationController.swift */ = {isa = PBXFileReference; fileEncoding = 4; lastKnownFileType = sourcecode.swift; path = LSNavigationController.swift; sourceTree = "<group>"; };
		1AB68AF11EBEF90700E37B78 /* LSBaseController.swift */ = {isa = PBXFileReference; fileEncoding = 4; lastKnownFileType = sourcecode.swift; path = LSBaseController.swift; sourceTree = "<group>"; };
		1AB68AF31EBEF94F00E37B78 /* LSHomeController.swift */ = {isa = PBXFileReference; fileEncoding = 4; lastKnownFileType = sourcecode.swift; path = LSHomeController.swift; sourceTree = "<group>"; };
		1AB68AF51EBEF97100E37B78 /* LSDiscoverController.swift */ = {isa = PBXFileReference; fileEncoding = 4; lastKnownFileType = sourcecode.swift; path = LSDiscoverController.swift; sourceTree = "<group>"; };
		1AB68AF71EBEF98100E37B78 /* LSMessageController.swift */ = {isa = PBXFileReference; fileEncoding = 4; lastKnownFileType = sourcecode.swift; path = LSMessageController.swift; sourceTree = "<group>"; };
		1AB68AF91EBEF99200E37B78 /* LSProfileController.swift */ = {isa = PBXFileReference; fileEncoding = 4; lastKnownFileType = sourcecode.swift; path = LSProfileController.swift; sourceTree = "<group>"; };
		1AB68AFB1EBEFA4F00E37B78 /* LSMainController.swift */ = {isa = PBXFileReference; fileEncoding = 4; lastKnownFileType = sourcecode.swift; path = LSMainController.swift; sourceTree = "<group>"; };
		1AB68EAB1EBF4D2E00E37B78 /* Weibo+Bridge.h */ = {isa = PBXFileReference; lastKnownFileType = sourcecode.c.h; path = "Weibo+Bridge.h"; sourceTree = "<group>"; };
		1AB68F741EBF500B00E37B78 /* FFLabel.swift */ = {isa = PBXFileReference; fileEncoding = 4; lastKnownFileType = sourcecode.swift; path = FFLabel.swift; sourceTree = "<group>"; };
		1AB68FDD1EBF570B00E37B78 /* Bundle+Extension.swift */ = {isa = PBXFileReference; fileEncoding = 4; lastKnownFileType = sourcecode.swift; path = "Bundle+Extension.swift"; sourceTree = "<group>"; };
		1AB68FDE1EBF570B00E37B78 /* String+Extension.swift */ = {isa = PBXFileReference; fileEncoding = 4; lastKnownFileType = sourcecode.swift; path = "String+Extension.swift"; sourceTree = "<group>"; };
		1AB68FE81EC121C300E37B78 /* CZAdditions.h */ = {isa = PBXFileReference; fileEncoding = 4; lastKnownFileType = sourcecode.c.h; path = CZAdditions.h; sourceTree = "<group>"; };
		1AB68FE91EC121C300E37B78 /* NSArray+CZAddition.h */ = {isa = PBXFileReference; fileEncoding = 4; lastKnownFileType = sourcecode.c.h; path = "NSArray+CZAddition.h"; sourceTree = "<group>"; };
		1AB68FEA1EC121C300E37B78 /* NSArray+CZAddition.m */ = {isa = PBXFileReference; fileEncoding = 4; lastKnownFileType = sourcecode.c.objc; path = "NSArray+CZAddition.m"; sourceTree = "<group>"; };
		1AB68FEB1EC121C300E37B78 /* NSArray+Log.h */ = {isa = PBXFileReference; fileEncoding = 4; lastKnownFileType = sourcecode.c.h; path = "NSArray+Log.h"; sourceTree = "<group>"; };
		1AB68FEC1EC121C300E37B78 /* NSArray+Log.m */ = {isa = PBXFileReference; fileEncoding = 4; lastKnownFileType = sourcecode.c.objc; path = "NSArray+Log.m"; sourceTree = "<group>"; };
		1AB68FED1EC121C300E37B78 /* NSAttributedString+CZAdditon.h */ = {isa = PBXFileReference; fileEncoding = 4; lastKnownFileType = sourcecode.c.h; path = "NSAttributedString+CZAdditon.h"; sourceTree = "<group>"; };
		1AB68FEE1EC121C300E37B78 /* NSAttributedString+CZAdditon.m */ = {isa = PBXFileReference; fileEncoding = 4; lastKnownFileType = sourcecode.c.objc; path = "NSAttributedString+CZAdditon.m"; sourceTree = "<group>"; };
		1AB68FEF1EC121C300E37B78 /* NSObject+CZAddition.h */ = {isa = PBXFileReference; fileEncoding = 4; lastKnownFileType = sourcecode.c.h; path = "NSObject+CZAddition.h"; sourceTree = "<group>"; };
		1AB68FF01EC121C300E37B78 /* NSObject+CZAddition.m */ = {isa = PBXFileReference; fileEncoding = 4; lastKnownFileType = sourcecode.c.objc; path = "NSObject+CZAddition.m"; sourceTree = "<group>"; };
		1AB68FF11EC121C300E37B78 /* NSObject+CZRuntime.h */ = {isa = PBXFileReference; fileEncoding = 4; lastKnownFileType = sourcecode.c.h; path = "NSObject+CZRuntime.h"; sourceTree = "<group>"; };
		1AB68FF21EC121C300E37B78 /* NSObject+CZRuntime.m */ = {isa = PBXFileReference; fileEncoding = 4; lastKnownFileType = sourcecode.c.objc; path = "NSObject+CZRuntime.m"; sourceTree = "<group>"; };
		1AB68FF31EC121C300E37B78 /* NSString+CZBase64.h */ = {isa = PBXFileReference; fileEncoding = 4; lastKnownFileType = sourcecode.c.h; path = "NSString+CZBase64.h"; sourceTree = "<group>"; };
		1AB68FF41EC121C300E37B78 /* NSString+CZBase64.m */ = {isa = PBXFileReference; fileEncoding = 4; lastKnownFileType = sourcecode.c.objc; path = "NSString+CZBase64.m"; sourceTree = "<group>"; };
		1AB68FF51EC121C300E37B78 /* NSString+CZHash.h */ = {isa = PBXFileReference; fileEncoding = 4; lastKnownFileType = sourcecode.c.h; path = "NSString+CZHash.h"; sourceTree = "<group>"; };
		1AB68FF61EC121C300E37B78 /* NSString+CZHash.m */ = {isa = PBXFileReference; fileEncoding = 4; lastKnownFileType = sourcecode.c.objc; path = "NSString+CZHash.m"; sourceTree = "<group>"; };
		1AB68FF71EC121C300E37B78 /* NSString+CZPath.h */ = {isa = PBXFileReference; fileEncoding = 4; lastKnownFileType = sourcecode.c.h; path = "NSString+CZPath.h"; sourceTree = "<group>"; };
		1AB68FF81EC121C300E37B78 /* NSString+CZPath.m */ = {isa = PBXFileReference; fileEncoding = 4; lastKnownFileType = sourcecode.c.objc; path = "NSString+CZPath.m"; sourceTree = "<group>"; };
		1AB68FFB1EC121C300E37B78 /* UIColor+CZAddition.h */ = {isa = PBXFileReference; fileEncoding = 4; lastKnownFileType = sourcecode.c.h; path = "UIColor+CZAddition.h"; sourceTree = "<group>"; };
		1AB68FFC1EC121C300E37B78 /* UIColor+CZAddition.m */ = {isa = PBXFileReference; fileEncoding = 4; lastKnownFileType = sourcecode.c.objc; path = "UIColor+CZAddition.m"; sourceTree = "<group>"; };
		1AB68FFD1EC121C300E37B78 /* UIImage+Extension.h */ = {isa = PBXFileReference; fileEncoding = 4; lastKnownFileType = sourcecode.c.h; path = "UIImage+Extension.h"; sourceTree = "<group>"; };
		1AB68FFE1EC121C300E37B78 /* UIImage+Extension.m */ = {isa = PBXFileReference; fileEncoding = 4; lastKnownFileType = sourcecode.c.objc; path = "UIImage+Extension.m"; sourceTree = "<group>"; };
		1AB68FFF1EC121C300E37B78 /* UILabel+CZAddition.h */ = {isa = PBXFileReference; fileEncoding = 4; lastKnownFileType = sourcecode.c.h; path = "UILabel+CZAddition.h"; sourceTree = "<group>"; };
		1AB690001EC121C300E37B78 /* UILabel+CZAddition.m */ = {isa = PBXFileReference; fileEncoding = 4; lastKnownFileType = sourcecode.c.objc; path = "UILabel+CZAddition.m"; sourceTree = "<group>"; };
		1AB690011EC121C300E37B78 /* UIScreen+CZAddition.h */ = {isa = PBXFileReference; fileEncoding = 4; lastKnownFileType = sourcecode.c.h; path = "UIScreen+CZAddition.h"; sourceTree = "<group>"; };
		1AB690021EC121C300E37B78 /* UIScreen+CZAddition.m */ = {isa = PBXFileReference; fileEncoding = 4; lastKnownFileType = sourcecode.c.objc; path = "UIScreen+CZAddition.m"; sourceTree = "<group>"; };
		1AB690031EC121C300E37B78 /* UIView+CZAddition.h */ = {isa = PBXFileReference; fileEncoding = 4; lastKnownFileType = sourcecode.c.h; path = "UIView+CZAddition.h"; sourceTree = "<group>"; };
		1AB690041EC121C300E37B78 /* UIView+CZAddition.m */ = {isa = PBXFileReference; fileEncoding = 4; lastKnownFileType = sourcecode.c.objc; path = "UIView+CZAddition.m"; sourceTree = "<group>"; };
		1AB690051EC121C300E37B78 /* UIView+JKFrame.h */ = {isa = PBXFileReference; fileEncoding = 4; lastKnownFileType = sourcecode.c.h; path = "UIView+JKFrame.h"; sourceTree = "<group>"; };
		1AB690061EC121C300E37B78 /* UIView+JKFrame.m */ = {isa = PBXFileReference; fileEncoding = 4; lastKnownFileType = sourcecode.c.objc; path = "UIView+JKFrame.m"; sourceTree = "<group>"; };
		1AB690071EC121C300E37B78 /* UIViewController+CZAddition.h */ = {isa = PBXFileReference; fileEncoding = 4; lastKnownFileType = sourcecode.c.h; path = "UIViewController+CZAddition.h"; sourceTree = "<group>"; };
		1AB690081EC121C300E37B78 /* UIViewController+CZAddition.m */ = {isa = PBXFileReference; fileEncoding = 4; lastKnownFileType = sourcecode.c.objc; path = "UIViewController+CZAddition.m"; sourceTree = "<group>"; };
		1AB690191EC1220200E37B78 /* UIImage+Extensions.swift */ = {isa = PBXFileReference; fileEncoding = 4; lastKnownFileType = sourcecode.swift; path = "UIImage+Extensions.swift"; sourceTree = "<group>"; };
		1AB6901E1EC12E4D00E37B78 /* UIButton+CZAddition.h */ = {isa = PBXFileReference; fileEncoding = 4; lastKnownFileType = sourcecode.c.h; path = "UIButton+CZAddition.h"; sourceTree = "<group>"; };
		1AB6901F1EC12E4D00E37B78 /* UIButton+CZAddition.m */ = {isa = PBXFileReference; fileEncoding = 4; lastKnownFileType = sourcecode.c.objc; path = "UIButton+CZAddition.m"; sourceTree = "<group>"; };
		1AB690221EC3576D00E37B78 /* LSDemoController.swift */ = {isa = PBXFileReference; fileEncoding = 4; lastKnownFileType = sourcecode.swift; path = LSDemoController.swift; sourceTree = "<group>"; };
		1AB9E7211F6399BB0020F9C5 /* LSNetworkManager+Extension.swift */ = {isa = PBXFileReference; fileEncoding = 4; lastKnownFileType = sourcecode.swift; path = "LSNetworkManager+Extension.swift"; sourceTree = "<group>"; };
		1AB9E7231F641E660020F9C5 /* LSStatus.swift */ = {isa = PBXFileReference; fileEncoding = 4; lastKnownFileType = sourcecode.swift; name = LSStatus.swift; path = LSWeiboSwift/Classes/LSStatus.swift; sourceTree = SOURCE_ROOT; };
		1ABC05C51F47D51100445E81 /* LSVisitorView.swift */ = {isa = PBXFileReference; fileEncoding = 4; lastKnownFileType = sourcecode.swift; path = LSVisitorView.swift; sourceTree = "<group>"; };
		1ACAEB961F49D194006AFB01 /* main2.json */ = {isa = PBXFileReference; fileEncoding = 4; lastKnownFileType = text.json; path = main2.json; sourceTree = "<group>"; };
		1AD171851F497E94003A58EA /* main.json */ = {isa = PBXFileReference; fileEncoding = 4; lastKnownFileType = text.json; path = main.json; sourceTree = "<group>"; };
		1AF89C001F64D10F00EAC2CC /* LSStatusListViewModel.swift */ = {isa = PBXFileReference; fileEncoding = 4; lastKnownFileType = sourcecode.swift; path = LSStatusListViewModel.swift; sourceTree = SOURCE_ROOT; };
		1AFDEC7E1F8E602000ACBFCD /* LSWeiBoCommon.swift */ = {isa = PBXFileReference; fileEncoding = 4; lastKnownFileType = sourcecode.swift; path = LSWeiBoCommon.swift; sourceTree = "<group>"; };
		6837540665F81B6C95449AD8 /* Pods_LSWeiboSwift.framework */ = {isa = PBXFileReference; explicitFileType = wrapper.framework; includeInIndex = 0; path = Pods_LSWeiboSwift.framework; sourceTree = BUILT_PRODUCTS_DIR; };
		E36DDD7F3C95F1E71382DF18 /* Pods-LSWeiboSwift.release.xcconfig */ = {isa = PBXFileReference; includeInIndex = 1; lastKnownFileType = text.xcconfig; name = "Pods-LSWeiboSwift.release.xcconfig"; path = "Pods/Target Support Files/Pods-LSWeiboSwift/Pods-LSWeiboSwift.release.xcconfig"; sourceTree = "<group>"; };
/* End PBXFileReference section */

/* Begin PBXFrameworksBuildPhase section */
		1A4DD4EC1EBEC8BA001F97BD /* Frameworks */ = {
			isa = PBXFrameworksBuildPhase;
			buildActionMask = 2147483647;
			files = (
				B3A0C29174BED67BC7B4D97B /* Pods_LSWeiboSwift.framework in Frameworks */,
			);
			runOnlyForDeploymentPostprocessing = 0;
		};
/* End PBXFrameworksBuildPhase section */

/* Begin PBXGroup section */
		1A148A111F910F7B00D35BD8 /* LSOAthController */ = {
			isa = PBXGroup;
			children = (
				1A148A121F910FB600D35BD8 /* LSOAthViewController.swift */,
			);
			path = LSOAthController;
			sourceTree = "<group>";
		};
		1A17E47A1FE2B6930025D5E0 /* TitleButton */ = {
			isa = PBXGroup;
			children = (
				1A17E47B1FE2B7390025D5E0 /* LSTitleButton.swift */,
			);
			path = TitleButton;
			sourceTree = "<group>";
		};
		1A1E32D11F9AED8700984D43 /* Model */ = {
			isa = PBXGroup;
			children = (
				1A1E32D21F9AEDA600984D43 /* LSUseraccount.swift */,
			);
			path = Model;
			sourceTree = "<group>";
		};
		1A3769BC20395B76009A2576 /* StatusCell */ = {
			isa = PBXGroup;
			children = (
				1A3769BF20395BE9009A2576 /* WeiBoStatusNormalCell.xib */,
				1A3769C120395C85009A2576 /* LSStatusCell.swift */,
				1A1574BC203EB05B008D7CB9 /* LSStatusPicture.swift */,
				1A1574B8203DB3DC008D7CB9 /* LSToolBar.swift */,
			);
			path = StatusCell;
			sourceTree = "<group>";
		};
		1A39E6CA1F5EE8D900B9E7DB /* NetWork */ = {
			isa = PBXGroup;
			children = (
				1A1E32D11F9AED8700984D43 /* Model */,
				1A39E6CB1F5EE8F700B9E7DB /* LSNetworkManager.swift */,
				1AB9E7211F6399BB0020F9C5 /* LSNetworkManager+Extension.swift */,
				1AFDEC7E1F8E602000ACBFCD /* LSWeiBoCommon.swift */,
			);
			path = NetWork;
			sourceTree = "<group>";
		};
		1A3AB6551FE6B1E5003C12C6 /* NewFeature */ = {
			isa = PBXGroup;
			children = (
				1A3AB6561FE6B2E3003C12C6 /* LSWelcomeView.swift */,
				1A4AA6321FE8006B00E5D0DE /* LSWelcomeView.xib */,
				1A3AB6581FE6B2FD003C12C6 /* LSNewFeature.swift */,
			);
			path = NewFeature;
			sourceTree = "<group>";
		};
		1A4DD4E61EBEC8BA001F97BD = {
			isa = PBXGroup;
			children = (
				1A4DD4F11EBEC8BA001F97BD /* LSWeiboSwift */,
				1A4DD4F01EBEC8BA001F97BD /* Products */,
				7873BBD0D879DDF3AF530B89 /* Pods */,
				F2A8CA05CB79D6A9826434C8 /* Frameworks */,
			);
			sourceTree = "<group>";
		};
		1A4DD4F01EBEC8BA001F97BD /* Products */ = {
			isa = PBXGroup;
			children = (
				1A4DD4EF1EBEC8BA001F97BD /* LSWeiboSwift.app */,
			);
			name = Products;
			sourceTree = "<group>";
		};
		1A4DD4F11EBEC8BA001F97BD /* LSWeiboSwift */ = {
			isa = PBXGroup;
			children = (
				1AB68AE31EBEF7C400E37B78 /* Classes */,
				1A4DD4F21EBEC8BA001F97BD /* AppDelegate.swift */,
				1AB68EAB1EBF4D2E00E37B78 /* Weibo+Bridge.h */,
				1A4DD4F91EBEC8BA001F97BD /* Assets.xcassets */,
				1A4DD4FE1EBEC8BA001F97BD /* Info.plist */,
			);
			path = LSWeiboSwift;
			sourceTree = "<group>";
		};
		1AB68AE31EBEF7C400E37B78 /* Classes */ = {
			isa = PBXGroup;
			children = (
				1AB68AE61EBEF7C400E37B78 /* View */,
				1AB68AE71EBEF7C400E37B78 /* ViewModel */,
				1AB68AE41EBEF7C400E37B78 /* Model */,
				1AB68AE51EBEF7C400E37B78 /* Tools */,
			);
			path = Classes;
			sourceTree = "<group>";
		};
		1AB68AE41EBEF7C400E37B78 /* Model */ = {
			isa = PBXGroup;
			children = (
				1AB9E7231F641E660020F9C5 /* LSStatus.swift */,
				1A1574B2203AB8A9008D7CB9 /* LSUser.swift */,
			);
			path = Model;
			sourceTree = "<group>";
		};
		1AB68AE51EBEF7C400E37B78 /* Tools */ = {
			isa = PBXGroup;
			children = (
				1A39E6CA1F5EE8D900B9E7DB /* NetWork */,
				1AB68FE71EC121C300E37B78 /* Additions */,
				1AB68FDC1EBF570B00E37B78 /* LSExtension */,
				1AB68F731EBF500B00E37B78 /* FFLabel */,
			);
			path = Tools;
			sourceTree = "<group>";
		};
		1AB68AE61EBEF7C400E37B78 /* View */ = {
			isa = PBXGroup;
			children = (
				1AB690211EC356ED00E37B78 /* testUI */,
				1AB68AEA1EBEF86500E37B78 /* Main */,
				1AB68AE91EBEF86500E37B78 /* Home */,
				1AB68AE81EBEF86500E37B78 /* Discover */,
				1AB68AEB1EBEF86500E37B78 /* Message */,
				1AB68AEC1EBEF86500E37B78 /* Profile */,
			);
			path = View;
			sourceTree = "<group>";
		};
		1AB68AE71EBEF7C400E37B78 /* ViewModel */ = {
			isa = PBXGroup;
			children = (
				1AF89C001F64D10F00EAC2CC /* LSStatusListViewModel.swift */,
				1A1574B4203AC839008D7CB9 /* LSStatusViewModel.swift */,
			);
			path = ViewModel;
			sourceTree = "<group>";
		};
		1AB68AE81EBEF86500E37B78 /* Discover */ = {
			isa = PBXGroup;
			children = (
				1AB68AF51EBEF97100E37B78 /* LSDiscoverController.swift */,
			);
			path = Discover;
			sourceTree = "<group>";
		};
		1AB68AE91EBEF86500E37B78 /* Home */ = {
			isa = PBXGroup;
			children = (
				1A3769BC20395B76009A2576 /* StatusCell */,
				1A17E47A1FE2B6930025D5E0 /* TitleButton */,
				1AB68AF31EBEF94F00E37B78 /* LSHomeController.swift */,
			);
			path = Home;
			sourceTree = "<group>";
		};
		1AB68AEA1EBEF86500E37B78 /* Main */ = {
			isa = PBXGroup;
			children = (
				1A3AB6551FE6B1E5003C12C6 /* NewFeature */,
				1A148A111F910F7B00D35BD8 /* LSOAthController */,
				1AD171851F497E94003A58EA /* main.json */,
				1AB68AFB1EBEFA4F00E37B78 /* LSMainController.swift */,
				1ABC05C41F47D4F400445E81 /* VisitorView */,
				1AB68AEF1EBEF8EE00E37B78 /* LSNavigationController.swift */,
				1AB68AF11EBEF90700E37B78 /* LSBaseController.swift */,
			);
			path = Main;
			sourceTree = "<group>";
		};
		1AB68AEB1EBEF86500E37B78 /* Message */ = {
			isa = PBXGroup;
			children = (
				1AB68AF71EBEF98100E37B78 /* LSMessageController.swift */,
			);
			path = Message;
			sourceTree = "<group>";
		};
		1AB68AEC1EBEF86500E37B78 /* Profile */ = {
			isa = PBXGroup;
			children = (
				1AB68AF91EBEF99200E37B78 /* LSProfileController.swift */,
			);
			path = Profile;
			sourceTree = "<group>";
		};
		1AB68F731EBF500B00E37B78 /* FFLabel */ = {
			isa = PBXGroup;
			children = (
				1AB68F741EBF500B00E37B78 /* FFLabel.swift */,
			);
			path = FFLabel;
			sourceTree = "<group>";
		};
		1AB68FDC1EBF570B00E37B78 /* LSExtension */ = {
			isa = PBXGroup;
			children = (
				1AB68FDD1EBF570B00E37B78 /* Bundle+Extension.swift */,
				1AB68FDE1EBF570B00E37B78 /* String+Extension.swift */,
				1AB690191EC1220200E37B78 /* UIImage+Extensions.swift */,
				1A1574B6203D22FB008D7CB9 /* UIImageView+WebImage.swift */,
				1A5563EE1ECC827B00D0FE3C /* UIBarButtonItem+Extension.swift */,
			);
			path = LSExtension;
			sourceTree = "<group>";
		};
		1AB68FE71EC121C300E37B78 /* Additions */ = {
			isa = PBXGroup;
			children = (
				1AB68FE81EC121C300E37B78 /* CZAdditions.h */,
				1AB68FE91EC121C300E37B78 /* NSArray+CZAddition.h */,
				1AB6901E1EC12E4D00E37B78 /* UIButton+CZAddition.h */,
				1AB6901F1EC12E4D00E37B78 /* UIButton+CZAddition.m */,
				1AB68FEA1EC121C300E37B78 /* NSArray+CZAddition.m */,
				1AB68FEB1EC121C300E37B78 /* NSArray+Log.h */,
				1AB68FEC1EC121C300E37B78 /* NSArray+Log.m */,
				1AB68FED1EC121C300E37B78 /* NSAttributedString+CZAdditon.h */,
				1AB68FEE1EC121C300E37B78 /* NSAttributedString+CZAdditon.m */,
				1AB68FEF1EC121C300E37B78 /* NSObject+CZAddition.h */,
				1AB68FF01EC121C300E37B78 /* NSObject+CZAddition.m */,
				1AB68FF11EC121C300E37B78 /* NSObject+CZRuntime.h */,
				1AB68FF21EC121C300E37B78 /* NSObject+CZRuntime.m */,
				1AB68FF31EC121C300E37B78 /* NSString+CZBase64.h */,
				1AB68FF41EC121C300E37B78 /* NSString+CZBase64.m */,
				1AB68FF51EC121C300E37B78 /* NSString+CZHash.h */,
				1AB68FF61EC121C300E37B78 /* NSString+CZHash.m */,
				1AB68FF71EC121C300E37B78 /* NSString+CZPath.h */,
				1AB68FF81EC121C300E37B78 /* NSString+CZPath.m */,
				1AB68FFB1EC121C300E37B78 /* UIColor+CZAddition.h */,
				1AB68FFC1EC121C300E37B78 /* UIColor+CZAddition.m */,
				1AB68FFD1EC121C300E37B78 /* UIImage+Extension.h */,
				1AB68FFE1EC121C300E37B78 /* UIImage+Extension.m */,
				1AB68FFF1EC121C300E37B78 /* UILabel+CZAddition.h */,
				1AB690001EC121C300E37B78 /* UILabel+CZAddition.m */,
				1AB690011EC121C300E37B78 /* UIScreen+CZAddition.h */,
				1AB690021EC121C300E37B78 /* UIScreen+CZAddition.m */,
				1AB690031EC121C300E37B78 /* UIView+CZAddition.h */,
				1AB690041EC121C300E37B78 /* UIView+CZAddition.m */,
				1AB690051EC121C300E37B78 /* UIView+JKFrame.h */,
				1AB690061EC121C300E37B78 /* UIView+JKFrame.m */,
				1AB690071EC121C300E37B78 /* UIViewController+CZAddition.h */,
				1AB690081EC121C300E37B78 /* UIViewController+CZAddition.m */,
			);
			path = Additions;
			sourceTree = "<group>";
		};
		1AB690211EC356ED00E37B78 /* testUI */ = {
			isa = PBXGroup;
			children = (
				1ACAEB961F49D194006AFB01 /* main2.json */,
				1AB690221EC3576D00E37B78 /* LSDemoController.swift */,
			);
			path = testUI;
			sourceTree = "<group>";
		};
		1ABC05C41F47D4F400445E81 /* VisitorView */ = {
			isa = PBXGroup;
			children = (
				1ABC05C51F47D51100445E81 /* LSVisitorView.swift */,
			);
			path = VisitorView;
			sourceTree = "<group>";
		};
		7873BBD0D879DDF3AF530B89 /* Pods */ = {
			isa = PBXGroup;
			children = (
				09A1E441EDF6558C424263FD /* Pods-LSWeiboSwift.debug.xcconfig */,
				E36DDD7F3C95F1E71382DF18 /* Pods-LSWeiboSwift.release.xcconfig */,
			);
			name = Pods;
			sourceTree = "<group>";
		};
		F2A8CA05CB79D6A9826434C8 /* Frameworks */ = {
			isa = PBXGroup;
			children = (
				6837540665F81B6C95449AD8 /* Pods_LSWeiboSwift.framework */,
			);
			name = Frameworks;
			sourceTree = "<group>";
		};
/* End PBXGroup section */

/* Begin PBXNativeTarget section */
		1A4DD4EE1EBEC8BA001F97BD /* LSWeiboSwift */ = {
			isa = PBXNativeTarget;
			buildConfigurationList = 1A4DD5011EBEC8BA001F97BD /* Build configuration list for PBXNativeTarget "LSWeiboSwift" */;
			buildPhases = (
				72B8294DA17968310FC0B5D4 /* [CP] Check Pods Manifest.lock */,
				1A4DD4EB1EBEC8BA001F97BD /* Sources */,
				1A4DD4EC1EBEC8BA001F97BD /* Frameworks */,
				1A4DD4ED1EBEC8BA001F97BD /* Resources */,
				BBFFC72428682F858C672DB6 /* [CP] Embed Pods Frameworks */,
				671DB88414C1CE9A99B2F935 /* [CP] Copy Pods Resources */,
			);
			buildRules = (
			);
			dependencies = (
			);
			name = LSWeiboSwift;
			productName = LSWeiboSwift;
			productReference = 1A4DD4EF1EBEC8BA001F97BD /* LSWeiboSwift.app */;
			productType = "com.apple.product-type.application";
		};
/* End PBXNativeTarget section */

/* Begin PBXProject section */
		1A4DD4E71EBEC8BA001F97BD /* Project object */ = {
			isa = PBXProject;
			attributes = {
				CLASSPREFIX = LS;
				LastSwiftUpdateCheck = 0830;
				LastUpgradeCheck = 0830;
				ORGANIZATIONNAME = SocererGroup;
				TargetAttributes = {
					1A4DD4EE1EBEC8BA001F97BD = {
						CreatedOnToolsVersion = 8.3.2;
						DevelopmentTeam = T9A27F8Q5D;
						ProvisioningStyle = Automatic;
					};
				};
			};
			buildConfigurationList = 1A4DD4EA1EBEC8BA001F97BD /* Build configuration list for PBXProject "LSWeiboSwift" */;
			compatibilityVersion = "Xcode 3.2";
			developmentRegion = English;
			hasScannedForEncodings = 0;
			knownRegions = (
				en,
				Base,
			);
			mainGroup = 1A4DD4E61EBEC8BA001F97BD;
			productRefGroup = 1A4DD4F01EBEC8BA001F97BD /* Products */;
			projectDirPath = "";
			projectRoot = "";
			targets = (
				1A4DD4EE1EBEC8BA001F97BD /* LSWeiboSwift */,
			);
		};
/* End PBXProject section */

/* Begin PBXResourcesBuildPhase section */
		1A4DD4ED1EBEC8BA001F97BD /* Resources */ = {
			isa = PBXResourcesBuildPhase;
			buildActionMask = 2147483647;
			files = (
				1A3769C020395BE9009A2576 /* WeiBoStatusNormalCell.xib in Resources */,
				1A4AA6331FE8006B00E5D0DE /* LSWelcomeView.xib in Resources */,
				1AD171861F497E94003A58EA /* main.json in Resources */,
				1ACAEB971F49D194006AFB01 /* main2.json in Resources */,
				1A7B3D511F4879ED00E0FF34 /* Assets.xcassets in Resources */,
			);
			runOnlyForDeploymentPostprocessing = 0;
		};
/* End PBXResourcesBuildPhase section */

/* Begin PBXShellScriptBuildPhase section */
		671DB88414C1CE9A99B2F935 /* [CP] Copy Pods Resources */ = {
			isa = PBXShellScriptBuildPhase;
			buildActionMask = 2147483647;
			files = (
			);
			inputPaths = (
			);
			name = "[CP] Copy Pods Resources";
			outputPaths = (
			);
			runOnlyForDeploymentPostprocessing = 0;
			shellPath = /bin/sh;
			shellScript = "\"${SRCROOT}/Pods/Target Support Files/Pods-LSWeiboSwift/Pods-LSWeiboSwift-resources.sh\"\n";
			showEnvVarsInLog = 0;
		};
		72B8294DA17968310FC0B5D4 /* [CP] Check Pods Manifest.lock */ = {
			isa = PBXShellScriptBuildPhase;
			buildActionMask = 2147483647;
			files = (
			);
			inputPaths = (
				"${PODS_PODFILE_DIR_PATH}/Podfile.lock",
				"${PODS_ROOT}/Manifest.lock",
			);
			name = "[CP] Check Pods Manifest.lock";
			outputPaths = (
				"$(DERIVED_FILE_DIR)/Pods-LSWeiboSwift-checkManifestLockResult.txt",
			);
			runOnlyForDeploymentPostprocessing = 0;
			shellPath = /bin/sh;
			shellScript = "diff \"${PODS_PODFILE_DIR_PATH}/Podfile.lock\" \"${PODS_ROOT}/Manifest.lock\" > /dev/null\nif [ $? != 0 ] ; then\n    # print error to STDERR\n    echo \"error: The sandbox is not in sync with the Podfile.lock. Run 'pod install' or update your CocoaPods installation.\" >&2\n    exit 1\nfi\n# This output is used by Xcode 'outputs' to avoid re-running this script phase.\necho \"SUCCESS\" > \"${SCRIPT_OUTPUT_FILE_0}\"\n";
			showEnvVarsInLog = 0;
		};
		BBFFC72428682F858C672DB6 /* [CP] Embed Pods Frameworks */ = {
			isa = PBXShellScriptBuildPhase;
			buildActionMask = 2147483647;
			files = (
			);
			inputPaths = (
				"${SRCROOT}/Pods/Target Support Files/Pods-LSWeiboSwift/Pods-LSWeiboSwift-frameworks.sh",
				"${BUILT_PRODUCTS_DIR}/AFNetworking/AFNetworking.framework",
				"${BUILT_PRODUCTS_DIR}/FMDB/FMDB.framework",
				"${BUILT_PRODUCTS_DIR}/SDWebImage/SDWebImage.framework",
				"${BUILT_PRODUCTS_DIR}/SVProgressHUD/SVProgressHUD.framework",
				"${BUILT_PRODUCTS_DIR}/YYModel/YYModel.framework",
				"${BUILT_PRODUCTS_DIR}/pop/pop.framework",
			);
			name = "[CP] Embed Pods Frameworks";
			outputPaths = (
				"${TARGET_BUILD_DIR}/${FRAMEWORKS_FOLDER_PATH}/AFNetworking.framework",
				"${TARGET_BUILD_DIR}/${FRAMEWORKS_FOLDER_PATH}/FMDB.framework",
				"${TARGET_BUILD_DIR}/${FRAMEWORKS_FOLDER_PATH}/SDWebImage.framework",
				"${TARGET_BUILD_DIR}/${FRAMEWORKS_FOLDER_PATH}/SVProgressHUD.framework",
				"${TARGET_BUILD_DIR}/${FRAMEWORKS_FOLDER_PATH}/YYModel.framework",
				"${TARGET_BUILD_DIR}/${FRAMEWORKS_FOLDER_PATH}/pop.framework",
			);
			runOnlyForDeploymentPostprocessing = 0;
			shellPath = /bin/sh;
			shellScript = "\"${SRCROOT}/Pods/Target Support Files/Pods-LSWeiboSwift/Pods-LSWeiboSwift-frameworks.sh\"\n";
			showEnvVarsInLog = 0;
		};
/* End PBXShellScriptBuildPhase section */

/* Begin PBXSourcesBuildPhase section */
		1A4DD4EB1EBEC8BA001F97BD /* Sources */ = {
			isa = PBXSourcesBuildPhase;
			buildActionMask = 2147483647;
			files = (
				1AB6900C1EC121C300E37B78 /* NSObject+CZAddition.m in Sources */,
				1AB6900D1EC121C300E37B78 /* NSObject+CZRuntime.m in Sources */,
				1AB68FE21EBF570B00E37B78 /* Bundle+Extension.swift in Sources */,
				1AB68AFA1EBEF99200E37B78 /* LSProfileController.swift in Sources */,
				1AFDEC7F1F8E602000ACBFCD /* LSWeiBoCommon.swift in Sources */,
				1AB690131EC121C300E37B78 /* UIImage+Extension.m in Sources */,
				1A1574B9203DB3DC008D7CB9 /* LSToolBar.swift in Sources */,
				1AB68FE31EBF570B00E37B78 /* String+Extension.swift in Sources */,
				1A3AB6591FE6B2FD003C12C6 /* LSNewFeature.swift in Sources */,
				1AB690171EC121C300E37B78 /* UIView+JKFrame.m in Sources */,
				1AB6900A1EC121C300E37B78 /* NSArray+Log.m in Sources */,
				1AB9E7241F641E660020F9C5 /* LSStatus.swift in Sources */,
				1AB690121EC121C300E37B78 /* UIColor+CZAddition.m in Sources */,
				1AB68AFC1EBEFA4F00E37B78 /* LSMainController.swift in Sources */,
				1A1574B5203AC839008D7CB9 /* LSStatusViewModel.swift in Sources */,
				1AB690101EC121C300E37B78 /* NSString+CZPath.m in Sources */,
				1A5563EF1ECC827B00D0FE3C /* UIBarButtonItem+Extension.swift in Sources */,
				1A4DD4F31EBEC8BA001F97BD /* AppDelegate.swift in Sources */,
				1ABC05C61F47D51100445E81 /* LSVisitorView.swift in Sources */,
				1AB690181EC121C300E37B78 /* UIViewController+CZAddition.m in Sources */,
				1AB6900F1EC121C300E37B78 /* NSString+CZHash.m in Sources */,
				1A148A131F910FB600D35BD8 /* LSOAthViewController.swift in Sources */,
				1A1574BD203EB05B008D7CB9 /* LSStatusPicture.swift in Sources */,
				1AB68AF61EBEF97100E37B78 /* LSDiscoverController.swift in Sources */,
				1A3AB6571FE6B2E3003C12C6 /* LSWelcomeView.swift in Sources */,
				1AB690141EC121C300E37B78 /* UILabel+CZAddition.m in Sources */,
				1AB68AF01EBEF8EE00E37B78 /* LSNavigationController.swift in Sources */,
				1AB690151EC121C300E37B78 /* UIScreen+CZAddition.m in Sources */,
				1A1574B3203AB8A9008D7CB9 /* LSUser.swift in Sources */,
				1AB68AF81EBEF98100E37B78 /* LSMessageController.swift in Sources */,
				1A39E6CC1F5EE8F700B9E7DB /* LSNetworkManager.swift in Sources */,
				1AB68AF21EBEF90700E37B78 /* LSBaseController.swift in Sources */,
				1AB9E7221F6399BB0020F9C5 /* LSNetworkManager+Extension.swift in Sources */,
				1A1574B7203D22FB008D7CB9 /* UIImageView+WebImage.swift in Sources */,
				1AB690091EC121C300E37B78 /* NSArray+CZAddition.m in Sources */,
				1AF89C011F64D10F00EAC2CC /* LSStatusListViewModel.swift in Sources */,
				1A17E47C1FE2B7390025D5E0 /* LSTitleButton.swift in Sources */,
				1AB68F9F1EBF500B00E37B78 /* FFLabel.swift in Sources */,
				1AB690201EC12E4D00E37B78 /* UIButton+CZAddition.m in Sources */,
				1A3769C220395C85009A2576 /* LSStatusCell.swift in Sources */,
				1AB68AF41EBEF94F00E37B78 /* LSHomeController.swift in Sources */,
				1AB6900B1EC121C300E37B78 /* NSAttributedString+CZAdditon.m in Sources */,
				1AB6900E1EC121C300E37B78 /* NSString+CZBase64.m in Sources */,
				1AB690161EC121C300E37B78 /* UIView+CZAddition.m in Sources */,
				1AB690231EC3576D00E37B78 /* LSDemoController.swift in Sources */,
				1A1E32D31F9AEDA600984D43 /* LSUseraccount.swift in Sources */,
				1AB6901A1EC1220200E37B78 /* UIImage+Extensions.swift in Sources */,
			);
			runOnlyForDeploymentPostprocessing = 0;
		};
/* End PBXSourcesBuildPhase section */

/* Begin XCBuildConfiguration section */
		1A4DD4FF1EBEC8BA001F97BD /* Debug */ = {
			isa = XCBuildConfiguration;
			buildSettings = {
				ALWAYS_SEARCH_USER_PATHS = NO;
				CLANG_ANALYZER_NONNULL = YES;
				CLANG_ANALYZER_NUMBER_OBJECT_CONVERSION = YES_AGGRESSIVE;
				CLANG_CXX_LANGUAGE_STANDARD = "gnu++0x";
				CLANG_CXX_LIBRARY = "libc++";
				CLANG_ENABLE_MODULES = YES;
				CLANG_ENABLE_OBJC_ARC = YES;
				CLANG_WARN_BOOL_CONVERSION = YES;
				CLANG_WARN_CONSTANT_CONVERSION = YES;
				CLANG_WARN_DIRECT_OBJC_ISA_USAGE = YES_ERROR;
				CLANG_WARN_DOCUMENTATION_COMMENTS = YES;
				CLANG_WARN_EMPTY_BODY = YES;
				CLANG_WARN_ENUM_CONVERSION = YES;
				CLANG_WARN_INFINITE_RECURSION = YES;
				CLANG_WARN_INT_CONVERSION = YES;
				CLANG_WARN_OBJC_ROOT_CLASS = YES_ERROR;
				CLANG_WARN_SUSPICIOUS_MOVE = YES;
				CLANG_WARN_UNREACHABLE_CODE = YES;
				CLANG_WARN__DUPLICATE_METHOD_MATCH = YES;
				"CODE_SIGN_IDENTITY[sdk=iphoneos*]" = "iPhone Developer";
				COPY_PHASE_STRIP = NO;
				DEBUG_INFORMATION_FORMAT = dwarf;
				ENABLE_STRICT_OBJC_MSGSEND = YES;
				ENABLE_TESTABILITY = YES;
				GCC_C_LANGUAGE_STANDARD = gnu99;
				GCC_DYNAMIC_NO_PIC = NO;
				GCC_NO_COMMON_BLOCKS = YES;
				GCC_OPTIMIZATION_LEVEL = 0;
				GCC_PREPROCESSOR_DEFINITIONS = (
					"DEBUG=1",
					"$(inherited)",
				);
				GCC_WARN_64_TO_32_BIT_CONVERSION = YES;
				GCC_WARN_ABOUT_RETURN_TYPE = YES_ERROR;
				GCC_WARN_UNDECLARED_SELECTOR = YES;
				GCC_WARN_UNINITIALIZED_AUTOS = YES_AGGRESSIVE;
				GCC_WARN_UNUSED_FUNCTION = YES;
				GCC_WARN_UNUSED_VARIABLE = YES;
				IPHONEOS_DEPLOYMENT_TARGET = 10.3;
				MTL_ENABLE_DEBUG_INFO = YES;
				ONLY_ACTIVE_ARCH = YES;
				SDKROOT = iphoneos;
				SWIFT_ACTIVE_COMPILATION_CONDITIONS = DEBUG;
				SWIFT_OPTIMIZATION_LEVEL = "-Onone";
				TARGETED_DEVICE_FAMILY = "1,2";
			};
			name = Debug;
		};
		1A4DD5001EBEC8BA001F97BD /* Release */ = {
			isa = XCBuildConfiguration;
			buildSettings = {
				ALWAYS_SEARCH_USER_PATHS = NO;
				CLANG_ANALYZER_NONNULL = YES;
				CLANG_ANALYZER_NUMBER_OBJECT_CONVERSION = YES_AGGRESSIVE;
				CLANG_CXX_LANGUAGE_STANDARD = "gnu++0x";
				CLANG_CXX_LIBRARY = "libc++";
				CLANG_ENABLE_MODULES = YES;
				CLANG_ENABLE_OBJC_ARC = YES;
				CLANG_WARN_BOOL_CONVERSION = YES;
				CLANG_WARN_CONSTANT_CONVERSION = YES;
				CLANG_WARN_DIRECT_OBJC_ISA_USAGE = YES_ERROR;
				CLANG_WARN_DOCUMENTATION_COMMENTS = YES;
				CLANG_WARN_EMPTY_BODY = YES;
				CLANG_WARN_ENUM_CONVERSION = YES;
				CLANG_WARN_INFINITE_RECURSION = YES;
				CLANG_WARN_INT_CONVERSION = YES;
				CLANG_WARN_OBJC_ROOT_CLASS = YES_ERROR;
				CLANG_WARN_SUSPICIOUS_MOVE = YES;
				CLANG_WARN_UNREACHABLE_CODE = YES;
				CLANG_WARN__DUPLICATE_METHOD_MATCH = YES;
				"CODE_SIGN_IDENTITY[sdk=iphoneos*]" = "iPhone Developer";
				COPY_PHASE_STRIP = NO;
				DEBUG_INFORMATION_FORMAT = "dwarf-with-dsym";
				ENABLE_NS_ASSERTIONS = NO;
				ENABLE_STRICT_OBJC_MSGSEND = YES;
				GCC_C_LANGUAGE_STANDARD = gnu99;
				GCC_NO_COMMON_BLOCKS = YES;
				GCC_WARN_64_TO_32_BIT_CONVERSION = YES;
				GCC_WARN_ABOUT_RETURN_TYPE = YES_ERROR;
				GCC_WARN_UNDECLARED_SELECTOR = YES;
				GCC_WARN_UNINITIALIZED_AUTOS = YES_AGGRESSIVE;
				GCC_WARN_UNUSED_FUNCTION = YES;
				GCC_WARN_UNUSED_VARIABLE = YES;
				IPHONEOS_DEPLOYMENT_TARGET = 10.3;
				MTL_ENABLE_DEBUG_INFO = NO;
				SDKROOT = iphoneos;
				SWIFT_OPTIMIZATION_LEVEL = "-Owholemodule";
				TARGETED_DEVICE_FAMILY = "1,2";
				VALIDATE_PRODUCT = YES;
			};
			name = Release;
		};
		1A4DD5021EBEC8BA001F97BD /* Debug */ = {
			isa = XCBuildConfiguration;
			baseConfigurationReference = 09A1E441EDF6558C424263FD /* Pods-LSWeiboSwift.debug.xcconfig */;
			buildSettings = {
				ASSETCATALOG_COMPILER_APPICON_NAME = AppIcon;
				ASSETCATALOG_COMPILER_LAUNCHIMAGE_NAME = LaunchImage;
				DEVELOPMENT_TEAM = T9A27F8Q5D;
				INFOPLIST_FILE = LSWeiboSwift/Info.plist;
				IPHONEOS_DEPLOYMENT_TARGET = 9.0;
				LD_RUNPATH_SEARCH_PATHS = "$(inherited) @executable_path/Frameworks";
				PRODUCT_BUNDLE_IDENTIFIER = com.SocererGroup.LSWeiboSwift;
				PRODUCT_NAME = "$(TARGET_NAME)";
				SWIFT_OBJC_BRIDGING_HEADER = "LSWeiboSwift/Weibo+Bridge.h";
				SWIFT_VERSION = 3.0;
				TARGETED_DEVICE_FAMILY = 1;
			};
			name = Debug;
		};
		1A4DD5031EBEC8BA001F97BD /* Release */ = {
			isa = XCBuildConfiguration;
			baseConfigurationReference = E36DDD7F3C95F1E71382DF18 /* Pods-LSWeiboSwift.release.xcconfig */;
			buildSettings = {
				ASSETCATALOG_COMPILER_APPICON_NAME = AppIcon;
				ASSETCATALOG_COMPILER_LAUNCHIMAGE_NAME = LaunchImage;
				DEVELOPMENT_TEAM = T9A27F8Q5D;
				INFOPLIST_FILE = LSWeiboSwift/Info.plist;
				IPHONEOS_DEPLOYMENT_TARGET = 9.0;
				LD_RUNPATH_SEARCH_PATHS = "$(inherited) @executable_path/Frameworks";
				PRODUCT_BUNDLE_IDENTIFIER = com.SocererGroup.LSWeiboSwift;
				PRODUCT_NAME = "$(TARGET_NAME)";
				SWIFT_OBJC_BRIDGING_HEADER = "LSWeiboSwift/Weibo+Bridge.h";
				SWIFT_VERSION = 3.0;
				TARGETED_DEVICE_FAMILY = 1;
			};
			name = Release;
		};
/* End XCBuildConfiguration section */

/* Begin XCConfigurationList section */
		1A4DD4EA1EBEC8BA001F97BD /* Build configuration list for PBXProject "LSWeiboSwift" */ = {
			isa = XCConfigurationList;
			buildConfigurations = (
				1A4DD4FF1EBEC8BA001F97BD /* Debug */,
				1A4DD5001EBEC8BA001F97BD /* Release */,
			);
			defaultConfigurationIsVisible = 0;
			defaultConfigurationName = Release;
		};
		1A4DD5011EBEC8BA001F97BD /* Build configuration list for PBXNativeTarget "LSWeiboSwift" */ = {
			isa = XCConfigurationList;
			buildConfigurations = (
				1A4DD5021EBEC8BA001F97BD /* Debug */,
				1A4DD5031EBEC8BA001F97BD /* Release */,
			);
			defaultConfigurationIsVisible = 0;
			defaultConfigurationName = Release;
		};
/* End XCConfigurationList section */
	};
	rootObject = 1A4DD4E71EBEC8BA001F97BD /* Project object */;
}
